// !$*UTF8*$!
{
	archiveVersion = 1;
	classes = {
	};
	objectVersion = 46;
	objects = {

/* Begin PBXBuildFile section */
		39AC6B321BF1AEAE008E62A4 /* 1242 x 2208.png in Resources */ = {isa = PBXBuildFile; fileRef = 39AC6B081BF1AEAE008E62A4 /* 1242 x 2208.png */; };
		39AC6B331BF1AEAE008E62A4 /* 640 x 1136.png in Resources */ = {isa = PBXBuildFile; fileRef = 39AC6B091BF1AEAE008E62A4 /* 640 x 1136.png */; };
		39AC6B341BF1AEAE008E62A4 /* 640 x 960.png in Resources */ = {isa = PBXBuildFile; fileRef = 39AC6B0A1BF1AEAE008E62A4 /* 640 x 960.png */; };
		39AC6B351BF1AEAE008E62A4 /* 750 x 1334.png in Resources */ = {isa = PBXBuildFile; fileRef = 39AC6B0B1BF1AEAE008E62A4 /* 750 x 1334.png */; };
		39AC6B361BF1AEAE008E62A4 /* author_icon.png in Resources */ = {isa = PBXBuildFile; fileRef = 39AC6B0C1BF1AEAE008E62A4 /* author_icon.png */; };
		39AC6B371BF1AEAE008E62A4 /* Back-100.png in Resources */ = {isa = PBXBuildFile; fileRef = 39AC6B0D1BF1AEAE008E62A4 /* Back-100.png */; };
		39AC6B381BF1AEAE008E62A4 /* calendar.png in Resources */ = {isa = PBXBuildFile; fileRef = 39AC6B0E1BF1AEAE008E62A4 /* calendar.png */; };
		39AC6B391BF1AEAE008E62A4 /* character_icon.png in Resources */ = {isa = PBXBuildFile; fileRef = 39AC6B0F1BF1AEAE008E62A4 /* character_icon.png */; };
		39AC6B3A1BF1AEAE008E62A4 /* clock.png in Resources */ = {isa = PBXBuildFile; fileRef = 39AC6B101BF1AEAE008E62A4 /* clock.png */; };
		39AC6B3B1BF1AEAE008E62A4 /* close.png in Resources */ = {isa = PBXBuildFile; fileRef = 39AC6B111BF1AEAE008E62A4 /* close.png */; };
		39AC6B3C1BF1AEAE008E62A4 /* date_icon.png in Resources */ = {isa = PBXBuildFile; fileRef = 39AC6B121BF1AEAE008E62A4 /* date_icon.png */; };
		39AC6B3D1BF1AEAE008E62A4 /* description.png in Resources */ = {isa = PBXBuildFile; fileRef = 39AC6B131BF1AEAE008E62A4 /* description.png */; };
		39AC6B3E1BF1AEAE008E62A4 /* Download-100.png in Resources */ = {isa = PBXBuildFile; fileRef = 39AC6B141BF1AEAE008E62A4 /* Download-100.png */; };
		39AC6B3F1BF1AEAE008E62A4 /* facebook.png in Resources */ = {isa = PBXBuildFile; fileRef = 39AC6B151BF1AEAE008E62A4 /* facebook.png */; };
		39AC6B401BF1AEAE008E62A4 /* home.png in Resources */ = {isa = PBXBuildFile; fileRef = 39AC6B161BF1AEAE008E62A4 /* home.png */; };
		39AC6B411BF1AEAE008E62A4 /* id_icon.png in Resources */ = {isa = PBXBuildFile; fileRef = 39AC6B171BF1AEAE008E62A4 /* id_icon.png */; };
		39AC6B421BF1AEAE008E62A4 /* info.png in Resources */ = {isa = PBXBuildFile; fileRef = 39AC6B181BF1AEAE008E62A4 /* info.png */; };
		39AC6B431BF1AEAE008E62A4 /* ipad1.png in Resources */ = {isa = PBXBuildFile; fileRef = 39AC6B191BF1AEAE008E62A4 /* ipad1.png */; };
		39AC6B441BF1AEAE008E62A4 /* ipad2.png in Resources */ = {isa = PBXBuildFile; fileRef = 39AC6B1A1BF1AEAE008E62A4 /* ipad2.png */; };
		39AC6B451BF1AEAE008E62A4 /* links12.png in Resources */ = {isa = PBXBuildFile; fileRef = 39AC6B1B1BF1AEAE008E62A4 /* links12.png */; };
		39AC6B461BF1AEAE008E62A4 /* load_01.png in Resources */ = {isa = PBXBuildFile; fileRef = 39AC6B1C1BF1AEAE008E62A4 /* load_01.png */; };
		39AC6B471BF1AEAE008E62A4 /* load_02.png in Resources */ = {isa = PBXBuildFile; fileRef = 39AC6B1D1BF1AEAE008E62A4 /* load_02.png */; };
		39AC6B481BF1AEAE008E62A4 /* load_03.png in Resources */ = {isa = PBXBuildFile; fileRef = 39AC6B1E1BF1AEAE008E62A4 /* load_03.png */; };
		39AC6B491BF1AEAE008E62A4 /* load_04.png in Resources */ = {isa = PBXBuildFile; fileRef = 39AC6B1F1BF1AEAE008E62A4 /* load_04.png */; };
		39AC6B4A1BF1AEAE008E62A4 /* load_05.png in Resources */ = {isa = PBXBuildFile; fileRef = 39AC6B201BF1AEAE008E62A4 /* load_05.png */; };
		39AC6B4B1BF1AEAE008E62A4 /* load_06.png in Resources */ = {isa = PBXBuildFile; fileRef = 39AC6B211BF1AEAE008E62A4 /* load_06.png */; };
		39AC6B4C1BF1AEAE008E62A4 /* location.png in Resources */ = {isa = PBXBuildFile; fileRef = 39AC6B221BF1AEAE008E62A4 /* location.png */; };
		39AC6B4D1BF1AEAE008E62A4 /* logo.png in Resources */ = {isa = PBXBuildFile; fileRef = 39AC6B231BF1AEAE008E62A4 /* logo.png */; };
		39AC6B4E1BF1AEAE008E62A4 /* logo_small.png in Resources */ = {isa = PBXBuildFile; fileRef = 39AC6B241BF1AEAE008E62A4 /* logo_small.png */; };
		39AC6B4F1BF1AEAE008E62A4 /* menu.png in Resources */ = {isa = PBXBuildFile; fileRef = 39AC6B251BF1AEAE008E62A4 /* menu.png */; };
		39AC6B501BF1AEAE008E62A4 /* menu_b_p.png in Resources */ = {isa = PBXBuildFile; fileRef = 39AC6B261BF1AEAE008E62A4 /* menu_b_p.png */; };
		39AC6B511BF1AEAE008E62A4 /* munu_b.png in Resources */ = {isa = PBXBuildFile; fileRef = 39AC6B271BF1AEAE008E62A4 /* munu_b.png */; };
		39AC6B521BF1AEAE008E62A4 /* news.png in Resources */ = {isa = PBXBuildFile; fileRef = 39AC6B281BF1AEAE008E62A4 /* news.png */; };
		39AC6B531BF1AEAE008E62A4 /* none_photo.png in Resources */ = {isa = PBXBuildFile; fileRef = 39AC6B291BF1AEAE008E62A4 /* none_photo.png */; };
		39AC6B541BF1AEAE008E62A4 /* photo_page_icon.png in Resources */ = {isa = PBXBuildFile; fileRef = 39AC6B2A1BF1AEAE008E62A4 /* photo_page_icon.png */; };
		39AC6B551BF1AEAE008E62A4 /* schedule.png in Resources */ = {isa = PBXBuildFile; fileRef = 39AC6B2B1BF1AEAE008E62A4 /* schedule.png */; };
		39AC6B561BF1AEAE008E62A4 /* Search Filled-50.png in Resources */ = {isa = PBXBuildFile; fileRef = 39AC6B2C1BF1AEAE008E62A4 /* Search Filled-50.png */; };
		39AC6B571BF1AEAE008E62A4 /* Search-50.png in Resources */ = {isa = PBXBuildFile; fileRef = 39AC6B2D1BF1AEAE008E62A4 /* Search-50.png */; };
		39AC6B581BF1AEAE008E62A4 /* senate.png in Resources */ = {isa = PBXBuildFile; fileRef = 39AC6B2E1BF1AEAE008E62A4 /* senate.png */; };
		39AC6B591BF1AEAE008E62A4 /* Simple-Logo-GITS.png in Resources */ = {isa = PBXBuildFile; fileRef = 39AC6B2F1BF1AEAE008E62A4 /* Simple-Logo-GITS.png */; };
		39AC6B5A1BF1AEAE008E62A4 /* topic.png in Resources */ = {isa = PBXBuildFile; fileRef = 39AC6B301BF1AEAE008E62A4 /* topic.png */; };
		39AC6B5B1BF1AEAE008E62A4 /* type.png in Resources */ = {isa = PBXBuildFile; fileRef = 39AC6B311BF1AEAE008E62A4 /* type.png */; };
		39AC6B791BF1AEFF008E62A4 /* close_icon.png in Resources */ = {isa = PBXBuildFile; fileRef = 39AC6B5D1BF1AEFF008E62A4 /* close_icon.png */; };
		39AC6B7A1BF1AEFF008E62A4 /* close_icon_p.png in Resources */ = {isa = PBXBuildFile; fileRef = 39AC6B5E1BF1AEFF008E62A4 /* close_icon_p.png */; };
		39AC6B7B1BF1AEFF008E62A4 /* input_btn.png in Resources */ = {isa = PBXBuildFile; fileRef = 39AC6B5F1BF1AEFF008E62A4 /* input_btn.png */; };
		39AC6B7C1BF1AEFF008E62A4 /* input_btn_p.png in Resources */ = {isa = PBXBuildFile; fileRef = 39AC6B601BF1AEFF008E62A4 /* input_btn_p.png */; };
		39AC6B7D1BF1AEFF008E62A4 /* keypad_back_btn.png in Resources */ = {isa = PBXBuildFile; fileRef = 39AC6B611BF1AEFF008E62A4 /* keypad_back_btn.png */; };
		39AC6B7E1BF1AEFF008E62A4 /* keypad_back_btn_p.png in Resources */ = {isa = PBXBuildFile; fileRef = 39AC6B621BF1AEFF008E62A4 /* keypad_back_btn_p.png */; };
		39AC6B7F1BF1AEFF008E62A4 /* keypad_btn_0.png in Resources */ = {isa = PBXBuildFile; fileRef = 39AC6B631BF1AEFF008E62A4 /* keypad_btn_0.png */; };
		39AC6B801BF1AEFF008E62A4 /* keypad_btn_0_p.png in Resources */ = {isa = PBXBuildFile; fileRef = 39AC6B641BF1AEFF008E62A4 /* keypad_btn_0_p.png */; };
		39AC6B811BF1AEFF008E62A4 /* keypad_btn_1.png in Resources */ = {isa = PBXBuildFile; fileRef = 39AC6B651BF1AEFF008E62A4 /* keypad_btn_1.png */; };
		39AC6B821BF1AEFF008E62A4 /* keypad_btn_1_p.png in Resources */ = {isa = PBXBuildFile; fileRef = 39AC6B661BF1AEFF008E62A4 /* keypad_btn_1_p.png */; };
		39AC6B831BF1AEFF008E62A4 /* keypad_btn_2.png in Resources */ = {isa = PBXBuildFile; fileRef = 39AC6B671BF1AEFF008E62A4 /* keypad_btn_2.png */; };
		39AC6B841BF1AEFF008E62A4 /* keypad_btn_2_p.png in Resources */ = {isa = PBXBuildFile; fileRef = 39AC6B681BF1AEFF008E62A4 /* keypad_btn_2_p.png */; };
		39AC6B851BF1AEFF008E62A4 /* keypad_btn_3.png in Resources */ = {isa = PBXBuildFile; fileRef = 39AC6B691BF1AEFF008E62A4 /* keypad_btn_3.png */; };
		39AC6B861BF1AEFF008E62A4 /* keypad_btn_3_p.png in Resources */ = {isa = PBXBuildFile; fileRef = 39AC6B6A1BF1AEFF008E62A4 /* keypad_btn_3_p.png */; };
		39AC6B871BF1AEFF008E62A4 /* keypad_btn_4.png in Resources */ = {isa = PBXBuildFile; fileRef = 39AC6B6B1BF1AEFF008E62A4 /* keypad_btn_4.png */; };
		39AC6B881BF1AEFF008E62A4 /* keypad_btn_4_p.png in Resources */ = {isa = PBXBuildFile; fileRef = 39AC6B6C1BF1AEFF008E62A4 /* keypad_btn_4_p.png */; };
		39AC6B891BF1AEFF008E62A4 /* keypad_btn_5.png in Resources */ = {isa = PBXBuildFile; fileRef = 39AC6B6D1BF1AEFF008E62A4 /* keypad_btn_5.png */; };
		39AC6B8A1BF1AEFF008E62A4 /* keypad_btn_5_p.png in Resources */ = {isa = PBXBuildFile; fileRef = 39AC6B6E1BF1AEFF008E62A4 /* keypad_btn_5_p.png */; };
		39AC6B8B1BF1AEFF008E62A4 /* keypad_btn_6.png in Resources */ = {isa = PBXBuildFile; fileRef = 39AC6B6F1BF1AEFF008E62A4 /* keypad_btn_6.png */; };
		39AC6B8C1BF1AEFF008E62A4 /* keypad_btn_6_p.png in Resources */ = {isa = PBXBuildFile; fileRef = 39AC6B701BF1AEFF008E62A4 /* keypad_btn_6_p.png */; };
		39AC6B8D1BF1AEFF008E62A4 /* keypad_btn_7.png in Resources */ = {isa = PBXBuildFile; fileRef = 39AC6B711BF1AEFF008E62A4 /* keypad_btn_7.png */; };
		39AC6B8E1BF1AEFF008E62A4 /* keypad_btn_7_p.png in Resources */ = {isa = PBXBuildFile; fileRef = 39AC6B721BF1AEFF008E62A4 /* keypad_btn_7_p.png */; };
		39AC6B8F1BF1AEFF008E62A4 /* keypad_btn_8.png in Resources */ = {isa = PBXBuildFile; fileRef = 39AC6B731BF1AEFF008E62A4 /* keypad_btn_8.png */; };
		39AC6B901BF1AEFF008E62A4 /* keypad_btn_8_p.png in Resources */ = {isa = PBXBuildFile; fileRef = 39AC6B741BF1AEFF008E62A4 /* keypad_btn_8_p.png */; };
		39AC6B911BF1AEFF008E62A4 /* keypad_btn_9.png in Resources */ = {isa = PBXBuildFile; fileRef = 39AC6B751BF1AEFF008E62A4 /* keypad_btn_9.png */; };
		39AC6B921BF1AEFF008E62A4 /* keypad_btn_9_p.png in Resources */ = {isa = PBXBuildFile; fileRef = 39AC6B761BF1AEFF008E62A4 /* keypad_btn_9_p.png */; };
		39AC6B931BF1AEFF008E62A4 /* lock_icon.png in Resources */ = {isa = PBXBuildFile; fileRef = 39AC6B771BF1AEFF008E62A4 /* lock_icon.png */; };
		39AC6B941BF1AEFF008E62A4 /* ok_icon.png in Resources */ = {isa = PBXBuildFile; fileRef = 39AC6B781BF1AEFF008E62A4 /* ok_icon.png */; };
		39AC6B971BF1AF6D008E62A4 /* PasswordViewController.m in Sources */ = {isa = PBXBuildFile; fileRef = 39AC6B961BF1AF6D008E62A4 /* PasswordViewController.m */; };
		39AC6B991BF1AF8B008E62A4 /* Main.storyboard in Resources */ = {isa = PBXBuildFile; fileRef = 39AC6B981BF1AF8B008E62A4 /* Main.storyboard */; };
		39AC6B9B1BF1B074008E62A4 /* VIP-64.png in Resources */ = {isa = PBXBuildFile; fileRef = 39AC6B9A1BF1B074008E62A4 /* VIP-64.png */; };
		39AC6BC61BF1BA0D008E62A4 /* GITSRefreshAndLoadMore.m in Sources */ = {isa = PBXBuildFile; fileRef = 39AC6B9E1BF1BA0D008E62A4 /* GITSRefreshAndLoadMore.m */; };
		39AC6BC71BF1BA0D008E62A4 /* MBProgressHUD.m in Sources */ = {isa = PBXBuildFile; fileRef = 39AC6BA01BF1BA0D008E62A4 /* MBProgressHUD.m */; };
		39AC6BC81BF1BA0D008E62A4 /* MKAnnotationView+WebCache.m in Sources */ = {isa = PBXBuildFile; fileRef = 39AC6BA31BF1BA0D008E62A4 /* MKAnnotationView+WebCache.m */; };
		39AC6BC91BF1BA0D008E62A4 /* NSData+ImageContentType.m in Sources */ = {isa = PBXBuildFile; fileRef = 39AC6BA51BF1BA0D008E62A4 /* NSData+ImageContentType.m */; };
		39AC6BCA1BF1BA0D008E62A4 /* SDImageCache.m in Sources */ = {isa = PBXBuildFile; fileRef = 39AC6BA71BF1BA0D008E62A4 /* SDImageCache.m */; };
		39AC6BCB1BF1BA0D008E62A4 /* SDWebImageCompat.m in Sources */ = {isa = PBXBuildFile; fileRef = 39AC6BA91BF1BA0D008E62A4 /* SDWebImageCompat.m */; };
		39AC6BCC1BF1BA0D008E62A4 /* SDWebImageDecoder.m in Sources */ = {isa = PBXBuildFile; fileRef = 39AC6BAB1BF1BA0D008E62A4 /* SDWebImageDecoder.m */; };
		39AC6BCD1BF1BA0D008E62A4 /* SDWebImageDownloader.m in Sources */ = {isa = PBXBuildFile; fileRef = 39AC6BAD1BF1BA0D008E62A4 /* SDWebImageDownloader.m */; };
		39AC6BCE1BF1BA0D008E62A4 /* SDWebImageDownloaderOperation.m in Sources */ = {isa = PBXBuildFile; fileRef = 39AC6BAF1BF1BA0D008E62A4 /* SDWebImageDownloaderOperation.m */; };
		39AC6BCF1BF1BA0D008E62A4 /* SDWebImageManager.m in Sources */ = {isa = PBXBuildFile; fileRef = 39AC6BB11BF1BA0D008E62A4 /* SDWebImageManager.m */; };
		39AC6BD01BF1BA0D008E62A4 /* SDWebImagePrefetcher.m in Sources */ = {isa = PBXBuildFile; fileRef = 39AC6BB41BF1BA0D008E62A4 /* SDWebImagePrefetcher.m */; };
		39AC6BD11BF1BA0D008E62A4 /* UIButton+WebCache.m in Sources */ = {isa = PBXBuildFile; fileRef = 39AC6BB61BF1BA0D008E62A4 /* UIButton+WebCache.m */; };
		39AC6BD21BF1BA0D008E62A4 /* UIImage+GIF.m in Sources */ = {isa = PBXBuildFile; fileRef = 39AC6BB81BF1BA0D008E62A4 /* UIImage+GIF.m */; };
		39AC6BD31BF1BA0D008E62A4 /* UIImage+MultiFormat.m in Sources */ = {isa = PBXBuildFile; fileRef = 39AC6BBA1BF1BA0D008E62A4 /* UIImage+MultiFormat.m */; };
		39AC6BD41BF1BA0D008E62A4 /* UIImage+WebP.m in Sources */ = {isa = PBXBuildFile; fileRef = 39AC6BBC1BF1BA0D008E62A4 /* UIImage+WebP.m */; };
		39AC6BD51BF1BA0D008E62A4 /* UIImageView+HighlightedWebCache.m in Sources */ = {isa = PBXBuildFile; fileRef = 39AC6BBE1BF1BA0D008E62A4 /* UIImageView+HighlightedWebCache.m */; };
		39AC6BD61BF1BA0D008E62A4 /* UIImageView+WebCache.m in Sources */ = {isa = PBXBuildFile; fileRef = 39AC6BC01BF1BA0D008E62A4 /* UIImageView+WebCache.m */; };
		39AC6BD71BF1BA0D008E62A4 /* UIView+WebCacheOperation.m in Sources */ = {isa = PBXBuildFile; fileRef = 39AC6BC21BF1BA0D008E62A4 /* UIView+WebCacheOperation.m */; };
		39AC6BD81BF1BA0D008E62A4 /* SWRevealViewController.m in Sources */ = {isa = PBXBuildFile; fileRef = 39AC6BC51BF1BA0D008E62A4 /* SWRevealViewController.m */; };
		39AC6BDE1BF1BA93008E62A4 /* AppUtils.m in Sources */ = {isa = PBXBuildFile; fileRef = 39AC6BDB1BF1BA93008E62A4 /* AppUtils.m */; };
		39AC6BDF1BF1BA93008E62A4 /* ShareObject.m in Sources */ = {isa = PBXBuildFile; fileRef = 39AC6BDD1BF1BA93008E62A4 /* ShareObject.m */; };
		39AC6BEA1BF1BB75008E62A4 /* cer.pem in Resources */ = {isa = PBXBuildFile; fileRef = 39AC6BE11BF1BB75008E62A4 /* cer.pem */; };
		39AC6BEB1BF1BB75008E62A4 /* cert.p12 in Resources */ = {isa = PBXBuildFile; fileRef = 39AC6BE21BF1BB75008E62A4 /* cert.p12 */; };
		39AC6BEC1BF1BB75008E62A4 /* CertificateSigningRequest.certSigningRequest in Resources */ = {isa = PBXBuildFile; fileRef = 39AC6BE31BF1BB75008E62A4 /* CertificateSigningRequest.certSigningRequest */; };
		39AC6BED1BF1BB75008E62A4 /* ck.pem in Resources */ = {isa = PBXBuildFile; fileRef = 39AC6BE41BF1BB75008E62A4 /* ck.pem */; };
		39AC6BEE1BF1BB75008E62A4 /* key.p12 in Resources */ = {isa = PBXBuildFile; fileRef = 39AC6BE51BF1BB75008E62A4 /* key.p12 */; };
		39AC6BEF1BF1BB75008E62A4 /* key.pem in Resources */ = {isa = PBXBuildFile; fileRef = 39AC6BE61BF1BB75008E62A4 /* key.pem */; };
		39AC6BF01BF1BB75008E62A4 /* key.unencrypted.pem in Resources */ = {isa = PBXBuildFile; fileRef = 39AC6BE71BF1BB75008E62A4 /* key.unencrypted.pem */; };
		39AC6BF11BF1BB75008E62A4 /* CertificateSigningRequestProduction.certSigningRequest in Resources */ = {isa = PBXBuildFile; fileRef = 39AC6BE91BF1BB75008E62A4 /* CertificateSigningRequestProduction.certSigningRequest */; };
		39AC6BF41BF1BB9D008E62A4 /* KhmerOSBattambang-Bold.ttf in Resources */ = {isa = PBXBuildFile; fileRef = 39AC6BF21BF1BB9D008E62A4 /* KhmerOSBattambang-Bold.ttf */; };
		39AC6BF51BF1BB9D008E62A4 /* KhmerOSBattambang-Regular.ttf in Resources */ = {isa = PBXBuildFile; fileRef = 39AC6BF31BF1BB9D008E62A4 /* KhmerOSBattambang-Regular.ttf */; };
		39AC6BFB1BF1BBD7008E62A4 /* ConnectionManager.m in Sources */ = {isa = PBXBuildFile; fileRef = 39AC6BF81BF1BBD7008E62A4 /* ConnectionManager.m */; };
		39AC6BFC1BF1BBD7008E62A4 /* Reachability.m in Sources */ = {isa = PBXBuildFile; fileRef = 39AC6BFA1BF1BBD7008E62A4 /* Reachability.m */; };
		39AC6C041BF1CE2C008E62A4 /* DXPopover.m in Sources */ = {isa = PBXBuildFile; fileRef = 39AC6C021BF1CE2C008E62A4 /* DXPopover.m */; };
		ED0683531BB2ADC700F70DE6 /* ScheduleSearchViewController.m in Sources */ = {isa = PBXBuildFile; fileRef = ED0683521BB2ADC700F70DE6 /* ScheduleSearchViewController.m */; };
		ED36189E1B96E6050095E48A /* SideMenuTableViewController.m in Sources */ = {isa = PBXBuildFile; fileRef = ED36189D1B96E6050095E48A /* SideMenuTableViewController.m */; };
		ED3618A71B96FB8F0095E48A /* CustomTableViewCell.m in Sources */ = {isa = PBXBuildFile; fileRef = ED3618A61B96FB8F0095E48A /* CustomTableViewCell.m */; };
		ED367CF11BA2DE1200481BE7 /* ShowImageViewController.m in Sources */ = {isa = PBXBuildFile; fileRef = ED367CF01BA2DE1200481BE7 /* ShowImageViewController.m */; };
		ED6B08CD1B97ED0E009068E9 /* DetailViewController.m in Sources */ = {isa = PBXBuildFile; fileRef = ED6B08CC1B97ED0E009068E9 /* DetailViewController.m */; };
		ED6B08E81B9809E1009068E9 /* CustomDetailTableViewCell.m in Sources */ = {isa = PBXBuildFile; fileRef = ED6B08E71B9809E1009068E9 /* CustomDetailTableViewCell.m */; };
		ED94010F1B96D467001BCE2D /* main.m in Sources */ = {isa = PBXBuildFile; fileRef = ED94010E1B96D467001BCE2D /* main.m */; };
		ED9401121B96D467001BCE2D /* AppDelegate.m in Sources */ = {isa = PBXBuildFile; fileRef = ED9401111B96D467001BCE2D /* AppDelegate.m */; };
		ED94011A1B96D467001BCE2D /* Images.xcassets in Resources */ = {isa = PBXBuildFile; fileRef = ED9401191B96D467001BCE2D /* Images.xcassets */; };
		ED94011D1B96D467001BCE2D /* LaunchScreen.xib in Resources */ = {isa = PBXBuildFile; fileRef = ED94011B1B96D467001BCE2D /* LaunchScreen.xib */; };
		ED9401401B96D4BA001BCE2D /* HomeViewController.m in Sources */ = {isa = PBXBuildFile; fileRef = ED94013F1B96D4BA001BCE2D /* HomeViewController.m */; };
		EDBD300F1BA9010F007E89DE /* SearchTableViewController.m in Sources */ = {isa = PBXBuildFile; fileRef = EDBD300E1BA9010F007E89DE /* SearchTableViewController.m */; };
		EDBD30131BA90176007E89DE /* CustomSearchTableViewCell.m in Sources */ = {isa = PBXBuildFile; fileRef = EDBD30121BA90176007E89DE /* CustomSearchTableViewCell.m */; };
		EDE27ABF1B9E97EA000AB507 /* MyViewController.m in Sources */ = {isa = PBXBuildFile; fileRef = EDE27ABE1B9E97EA000AB507 /* MyViewController.m */; };
		EDE386A71BAFF958008403A7 /* CategoryViewController.m in Sources */ = {isa = PBXBuildFile; fileRef = EDE386A61BAFF958008403A7 /* CategoryViewController.m */; };
		FD3BF0FB1BB5488600F7BBE6 /* AppViewController.m in Sources */ = {isa = PBXBuildFile; fileRef = FD3BF0FA1BB5488600F7BBE6 /* AppViewController.m */; };
		FD3BF1061BB556D300F7BBE6 /* AboutUsViewController.m in Sources */ = {isa = PBXBuildFile; fileRef = FD3BF1051BB556D300F7BBE6 /* AboutUsViewController.m */; };
		FD430D281BB28E6F00B3E524 /* ScheduleDetailTableViewController.m in Sources */ = {isa = PBXBuildFile; fileRef = FD430D271BB28E6F00B3E524 /* ScheduleDetailTableViewController.m */; };
		FD430D2B1BB28EBA00B3E524 /* ScheduleDetailTableViewCell.m in Sources */ = {isa = PBXBuildFile; fileRef = FD430D2A1BB28EBA00B3E524 /* ScheduleDetailTableViewCell.m */; };
		FD5C1EC11BA11C7400C79177 /* Social.framework in Frameworks */ = {isa = PBXBuildFile; fileRef = FD5C1EC01BA11C7400C79177 /* Social.framework */; };
		FD9532731BB0E55B0024D585 /* ScheduleTableViewCell.m in Sources */ = {isa = PBXBuildFile; fileRef = FD9532721BB0E55B0024D585 /* ScheduleTableViewCell.m */; };
		FDD00C4E1BAFD0D300F74057 /* ScheduleTableViewController.m in Sources */ = {isa = PBXBuildFile; fileRef = FDD00C4D1BAFD0D300F74057 /* ScheduleTableViewController.m */; };
/* End PBXBuildFile section */

/* Begin PBXFileReference section */
		39AC6B081BF1AEAE008E62A4 /* 1242 x 2208.png */ = {isa = PBXFileReference; lastKnownFileType = image.png; path = "1242 x 2208.png"; sourceTree = "<group>"; };
		39AC6B091BF1AEAE008E62A4 /* 640 x 1136.png */ = {isa = PBXFileReference; lastKnownFileType = image.png; path = "640 x 1136.png"; sourceTree = "<group>"; };
		39AC6B0A1BF1AEAE008E62A4 /* 640 x 960.png */ = {isa = PBXFileReference; lastKnownFileType = image.png; path = "640 x 960.png"; sourceTree = "<group>"; };
		39AC6B0B1BF1AEAE008E62A4 /* 750 x 1334.png */ = {isa = PBXFileReference; lastKnownFileType = image.png; path = "750 x 1334.png"; sourceTree = "<group>"; };
		39AC6B0C1BF1AEAE008E62A4 /* author_icon.png */ = {isa = PBXFileReference; lastKnownFileType = image.png; path = author_icon.png; sourceTree = "<group>"; };
		39AC6B0D1BF1AEAE008E62A4 /* Back-100.png */ = {isa = PBXFileReference; lastKnownFileType = image.png; path = "Back-100.png"; sourceTree = "<group>"; };
		39AC6B0E1BF1AEAE008E62A4 /* calendar.png */ = {isa = PBXFileReference; lastKnownFileType = image.png; path = calendar.png; sourceTree = "<group>"; };
		39AC6B0F1BF1AEAE008E62A4 /* character_icon.png */ = {isa = PBXFileReference; lastKnownFileType = image.png; path = character_icon.png; sourceTree = "<group>"; };
		39AC6B101BF1AEAE008E62A4 /* clock.png */ = {isa = PBXFileReference; lastKnownFileType = image.png; path = clock.png; sourceTree = "<group>"; };
		39AC6B111BF1AEAE008E62A4 /* close.png */ = {isa = PBXFileReference; lastKnownFileType = image.png; path = close.png; sourceTree = "<group>"; };
		39AC6B121BF1AEAE008E62A4 /* date_icon.png */ = {isa = PBXFileReference; lastKnownFileType = image.png; path = date_icon.png; sourceTree = "<group>"; };
		39AC6B131BF1AEAE008E62A4 /* description.png */ = {isa = PBXFileReference; lastKnownFileType = image.png; path = description.png; sourceTree = "<group>"; };
		39AC6B141BF1AEAE008E62A4 /* Download-100.png */ = {isa = PBXFileReference; lastKnownFileType = image.png; path = "Download-100.png"; sourceTree = "<group>"; };
		39AC6B151BF1AEAE008E62A4 /* facebook.png */ = {isa = PBXFileReference; lastKnownFileType = image.png; path = facebook.png; sourceTree = "<group>"; };
		39AC6B161BF1AEAE008E62A4 /* home.png */ = {isa = PBXFileReference; lastKnownFileType = image.png; path = home.png; sourceTree = "<group>"; };
		39AC6B171BF1AEAE008E62A4 /* id_icon.png */ = {isa = PBXFileReference; lastKnownFileType = image.png; path = id_icon.png; sourceTree = "<group>"; };
		39AC6B181BF1AEAE008E62A4 /* info.png */ = {isa = PBXFileReference; lastKnownFileType = image.png; path = info.png; sourceTree = "<group>"; };
		39AC6B191BF1AEAE008E62A4 /* ipad1.png */ = {isa = PBXFileReference; lastKnownFileType = image.png; path = ipad1.png; sourceTree = "<group>"; };
		39AC6B1A1BF1AEAE008E62A4 /* ipad2.png */ = {isa = PBXFileReference; lastKnownFileType = image.png; path = ipad2.png; sourceTree = "<group>"; };
		39AC6B1B1BF1AEAE008E62A4 /* links12.png */ = {isa = PBXFileReference; lastKnownFileType = image.png; path = links12.png; sourceTree = "<group>"; };
		39AC6B1C1BF1AEAE008E62A4 /* load_01.png */ = {isa = PBXFileReference; lastKnownFileType = image.png; path = load_01.png; sourceTree = "<group>"; };
		39AC6B1D1BF1AEAE008E62A4 /* load_02.png */ = {isa = PBXFileReference; lastKnownFileType = image.png; path = load_02.png; sourceTree = "<group>"; };
		39AC6B1E1BF1AEAE008E62A4 /* load_03.png */ = {isa = PBXFileReference; lastKnownFileType = image.png; path = load_03.png; sourceTree = "<group>"; };
		39AC6B1F1BF1AEAE008E62A4 /* load_04.png */ = {isa = PBXFileReference; lastKnownFileType = image.png; path = load_04.png; sourceTree = "<group>"; };
		39AC6B201BF1AEAE008E62A4 /* load_05.png */ = {isa = PBXFileReference; lastKnownFileType = image.png; path = load_05.png; sourceTree = "<group>"; };
		39AC6B211BF1AEAE008E62A4 /* load_06.png */ = {isa = PBXFileReference; lastKnownFileType = image.png; path = load_06.png; sourceTree = "<group>"; };
		39AC6B221BF1AEAE008E62A4 /* location.png */ = {isa = PBXFileReference; lastKnownFileType = image.png; path = location.png; sourceTree = "<group>"; };
		39AC6B231BF1AEAE008E62A4 /* logo.png */ = {isa = PBXFileReference; lastKnownFileType = image.png; path = logo.png; sourceTree = "<group>"; };
		39AC6B241BF1AEAE008E62A4 /* logo_small.png */ = {isa = PBXFileReference; lastKnownFileType = image.png; path = logo_small.png; sourceTree = "<group>"; };
		39AC6B251BF1AEAE008E62A4 /* menu.png */ = {isa = PBXFileReference; lastKnownFileType = image.png; path = menu.png; sourceTree = "<group>"; };
		39AC6B261BF1AEAE008E62A4 /* menu_b_p.png */ = {isa = PBXFileReference; lastKnownFileType = image.png; path = menu_b_p.png; sourceTree = "<group>"; };
		39AC6B271BF1AEAE008E62A4 /* munu_b.png */ = {isa = PBXFileReference; lastKnownFileType = image.png; path = munu_b.png; sourceTree = "<group>"; };
		39AC6B281BF1AEAE008E62A4 /* news.png */ = {isa = PBXFileReference; lastKnownFileType = image.png; path = news.png; sourceTree = "<group>"; };
		39AC6B291BF1AEAE008E62A4 /* none_photo.png */ = {isa = PBXFileReference; lastKnownFileType = image.png; path = none_photo.png; sourceTree = "<group>"; };
		39AC6B2A1BF1AEAE008E62A4 /* photo_page_icon.png */ = {isa = PBXFileReference; lastKnownFileType = image.png; path = photo_page_icon.png; sourceTree = "<group>"; };
		39AC6B2B1BF1AEAE008E62A4 /* schedule.png */ = {isa = PBXFileReference; lastKnownFileType = image.png; path = schedule.png; sourceTree = "<group>"; };
		39AC6B2C1BF1AEAE008E62A4 /* Search Filled-50.png */ = {isa = PBXFileReference; lastKnownFileType = image.png; path = "Search Filled-50.png"; sourceTree = "<group>"; };
		39AC6B2D1BF1AEAE008E62A4 /* Search-50.png */ = {isa = PBXFileReference; lastKnownFileType = image.png; path = "Search-50.png"; sourceTree = "<group>"; };
		39AC6B2E1BF1AEAE008E62A4 /* senate.png */ = {isa = PBXFileReference; lastKnownFileType = image.png; path = senate.png; sourceTree = "<group>"; };
		39AC6B2F1BF1AEAE008E62A4 /* Simple-Logo-GITS.png */ = {isa = PBXFileReference; lastKnownFileType = image.png; path = "Simple-Logo-GITS.png"; sourceTree = "<group>"; };
		39AC6B301BF1AEAE008E62A4 /* topic.png */ = {isa = PBXFileReference; lastKnownFileType = image.png; path = topic.png; sourceTree = "<group>"; };
		39AC6B311BF1AEAE008E62A4 /* type.png */ = {isa = PBXFileReference; lastKnownFileType = image.png; path = type.png; sourceTree = "<group>"; };
		39AC6B5D1BF1AEFF008E62A4 /* close_icon.png */ = {isa = PBXFileReference; lastKnownFileType = image.png; path = close_icon.png; sourceTree = "<group>"; };
		39AC6B5E1BF1AEFF008E62A4 /* close_icon_p.png */ = {isa = PBXFileReference; lastKnownFileType = image.png; path = close_icon_p.png; sourceTree = "<group>"; };
		39AC6B5F1BF1AEFF008E62A4 /* input_btn.png */ = {isa = PBXFileReference; lastKnownFileType = image.png; path = input_btn.png; sourceTree = "<group>"; };
		39AC6B601BF1AEFF008E62A4 /* input_btn_p.png */ = {isa = PBXFileReference; lastKnownFileType = image.png; path = input_btn_p.png; sourceTree = "<group>"; };
		39AC6B611BF1AEFF008E62A4 /* keypad_back_btn.png */ = {isa = PBXFileReference; lastKnownFileType = image.png; path = keypad_back_btn.png; sourceTree = "<group>"; };
		39AC6B621BF1AEFF008E62A4 /* keypad_back_btn_p.png */ = {isa = PBXFileReference; lastKnownFileType = image.png; path = keypad_back_btn_p.png; sourceTree = "<group>"; };
		39AC6B631BF1AEFF008E62A4 /* keypad_btn_0.png */ = {isa = PBXFileReference; lastKnownFileType = image.png; path = keypad_btn_0.png; sourceTree = "<group>"; };
		39AC6B641BF1AEFF008E62A4 /* keypad_btn_0_p.png */ = {isa = PBXFileReference; lastKnownFileType = image.png; path = keypad_btn_0_p.png; sourceTree = "<group>"; };
		39AC6B651BF1AEFF008E62A4 /* keypad_btn_1.png */ = {isa = PBXFileReference; lastKnownFileType = image.png; path = keypad_btn_1.png; sourceTree = "<group>"; };
		39AC6B661BF1AEFF008E62A4 /* keypad_btn_1_p.png */ = {isa = PBXFileReference; lastKnownFileType = image.png; path = keypad_btn_1_p.png; sourceTree = "<group>"; };
		39AC6B671BF1AEFF008E62A4 /* keypad_btn_2.png */ = {isa = PBXFileReference; lastKnownFileType = image.png; path = keypad_btn_2.png; sourceTree = "<group>"; };
		39AC6B681BF1AEFF008E62A4 /* keypad_btn_2_p.png */ = {isa = PBXFileReference; lastKnownFileType = image.png; path = keypad_btn_2_p.png; sourceTree = "<group>"; };
		39AC6B691BF1AEFF008E62A4 /* keypad_btn_3.png */ = {isa = PBXFileReference; lastKnownFileType = image.png; path = keypad_btn_3.png; sourceTree = "<group>"; };
		39AC6B6A1BF1AEFF008E62A4 /* keypad_btn_3_p.png */ = {isa = PBXFileReference; lastKnownFileType = image.png; path = keypad_btn_3_p.png; sourceTree = "<group>"; };
		39AC6B6B1BF1AEFF008E62A4 /* keypad_btn_4.png */ = {isa = PBXFileReference; lastKnownFileType = image.png; path = keypad_btn_4.png; sourceTree = "<group>"; };
		39AC6B6C1BF1AEFF008E62A4 /* keypad_btn_4_p.png */ = {isa = PBXFileReference; lastKnownFileType = image.png; path = keypad_btn_4_p.png; sourceTree = "<group>"; };
		39AC6B6D1BF1AEFF008E62A4 /* keypad_btn_5.png */ = {isa = PBXFileReference; lastKnownFileType = image.png; path = keypad_btn_5.png; sourceTree = "<group>"; };
		39AC6B6E1BF1AEFF008E62A4 /* keypad_btn_5_p.png */ = {isa = PBXFileReference; lastKnownFileType = image.png; path = keypad_btn_5_p.png; sourceTree = "<group>"; };
		39AC6B6F1BF1AEFF008E62A4 /* keypad_btn_6.png */ = {isa = PBXFileReference; lastKnownFileType = image.png; path = keypad_btn_6.png; sourceTree = "<group>"; };
		39AC6B701BF1AEFF008E62A4 /* keypad_btn_6_p.png */ = {isa = PBXFileReference; lastKnownFileType = image.png; path = keypad_btn_6_p.png; sourceTree = "<group>"; };
		39AC6B711BF1AEFF008E62A4 /* keypad_btn_7.png */ = {isa = PBXFileReference; lastKnownFileType = image.png; path = keypad_btn_7.png; sourceTree = "<group>"; };
		39AC6B721BF1AEFF008E62A4 /* keypad_btn_7_p.png */ = {isa = PBXFileReference; lastKnownFileType = image.png; path = keypad_btn_7_p.png; sourceTree = "<group>"; };
		39AC6B731BF1AEFF008E62A4 /* keypad_btn_8.png */ = {isa = PBXFileReference; lastKnownFileType = image.png; path = keypad_btn_8.png; sourceTree = "<group>"; };
		39AC6B741BF1AEFF008E62A4 /* keypad_btn_8_p.png */ = {isa = PBXFileReference; lastKnownFileType = image.png; path = keypad_btn_8_p.png; sourceTree = "<group>"; };
		39AC6B751BF1AEFF008E62A4 /* keypad_btn_9.png */ = {isa = PBXFileReference; lastKnownFileType = image.png; path = keypad_btn_9.png; sourceTree = "<group>"; };
		39AC6B761BF1AEFF008E62A4 /* keypad_btn_9_p.png */ = {isa = PBXFileReference; lastKnownFileType = image.png; path = keypad_btn_9_p.png; sourceTree = "<group>"; };
		39AC6B771BF1AEFF008E62A4 /* lock_icon.png */ = {isa = PBXFileReference; lastKnownFileType = image.png; path = lock_icon.png; sourceTree = "<group>"; };
		39AC6B781BF1AEFF008E62A4 /* ok_icon.png */ = {isa = PBXFileReference; lastKnownFileType = image.png; path = ok_icon.png; sourceTree = "<group>"; };
		39AC6B951BF1AF6D008E62A4 /* PasswordViewController.h */ = {isa = PBXFileReference; fileEncoding = 4; lastKnownFileType = sourcecode.c.h; path = PasswordViewController.h; sourceTree = "<group>"; };
		39AC6B961BF1AF6D008E62A4 /* PasswordViewController.m */ = {isa = PBXFileReference; fileEncoding = 4; lastKnownFileType = sourcecode.c.objc; path = PasswordViewController.m; sourceTree = "<group>"; };
		39AC6B981BF1AF8B008E62A4 /* Main.storyboard */ = {isa = PBXFileReference; fileEncoding = 4; lastKnownFileType = file.storyboard; path = Main.storyboard; sourceTree = "<group>"; };
		39AC6B9A1BF1B074008E62A4 /* VIP-64.png */ = {isa = PBXFileReference; lastKnownFileType = image.png; path = "VIP-64.png"; sourceTree = "<group>"; };
		39AC6B9D1BF1BA0D008E62A4 /* GITSRefreshAndLoadMore.h */ = {isa = PBXFileReference; fileEncoding = 4; lastKnownFileType = sourcecode.c.h; path = GITSRefreshAndLoadMore.h; sourceTree = "<group>"; };
		39AC6B9E1BF1BA0D008E62A4 /* GITSRefreshAndLoadMore.m */ = {isa = PBXFileReference; fileEncoding = 4; lastKnownFileType = sourcecode.c.objc; path = GITSRefreshAndLoadMore.m; sourceTree = "<group>"; };
		39AC6B9F1BF1BA0D008E62A4 /* MBProgressHUD.h */ = {isa = PBXFileReference; fileEncoding = 4; lastKnownFileType = sourcecode.c.h; path = MBProgressHUD.h; sourceTree = "<group>"; };
		39AC6BA01BF1BA0D008E62A4 /* MBProgressHUD.m */ = {isa = PBXFileReference; fileEncoding = 4; lastKnownFileType = sourcecode.c.objc; path = MBProgressHUD.m; sourceTree = "<group>"; };
		39AC6BA21BF1BA0D008E62A4 /* MKAnnotationView+WebCache.h */ = {isa = PBXFileReference; fileEncoding = 4; lastKnownFileType = sourcecode.c.h; path = "MKAnnotationView+WebCache.h"; sourceTree = "<group>"; };
		39AC6BA31BF1BA0D008E62A4 /* MKAnnotationView+WebCache.m */ = {isa = PBXFileReference; fileEncoding = 4; lastKnownFileType = sourcecode.c.objc; path = "MKAnnotationView+WebCache.m"; sourceTree = "<group>"; };
		39AC6BA41BF1BA0D008E62A4 /* NSData+ImageContentType.h */ = {isa = PBXFileReference; fileEncoding = 4; lastKnownFileType = sourcecode.c.h; path = "NSData+ImageContentType.h"; sourceTree = "<group>"; };
		39AC6BA51BF1BA0D008E62A4 /* NSData+ImageContentType.m */ = {isa = PBXFileReference; fileEncoding = 4; lastKnownFileType = sourcecode.c.objc; path = "NSData+ImageContentType.m"; sourceTree = "<group>"; };
		39AC6BA61BF1BA0D008E62A4 /* SDImageCache.h */ = {isa = PBXFileReference; fileEncoding = 4; lastKnownFileType = sourcecode.c.h; path = SDImageCache.h; sourceTree = "<group>"; };
		39AC6BA71BF1BA0D008E62A4 /* SDImageCache.m */ = {isa = PBXFileReference; fileEncoding = 4; lastKnownFileType = sourcecode.c.objc; path = SDImageCache.m; sourceTree = "<group>"; };
		39AC6BA81BF1BA0D008E62A4 /* SDWebImageCompat.h */ = {isa = PBXFileReference; fileEncoding = 4; lastKnownFileType = sourcecode.c.h; path = SDWebImageCompat.h; sourceTree = "<group>"; };
		39AC6BA91BF1BA0D008E62A4 /* SDWebImageCompat.m */ = {isa = PBXFileReference; fileEncoding = 4; lastKnownFileType = sourcecode.c.objc; path = SDWebImageCompat.m; sourceTree = "<group>"; };
		39AC6BAA1BF1BA0D008E62A4 /* SDWebImageDecoder.h */ = {isa = PBXFileReference; fileEncoding = 4; lastKnownFileType = sourcecode.c.h; path = SDWebImageDecoder.h; sourceTree = "<group>"; };
		39AC6BAB1BF1BA0D008E62A4 /* SDWebImageDecoder.m */ = {isa = PBXFileReference; fileEncoding = 4; lastKnownFileType = sourcecode.c.objc; path = SDWebImageDecoder.m; sourceTree = "<group>"; };
		39AC6BAC1BF1BA0D008E62A4 /* SDWebImageDownloader.h */ = {isa = PBXFileReference; fileEncoding = 4; lastKnownFileType = sourcecode.c.h; path = SDWebImageDownloader.h; sourceTree = "<group>"; };
		39AC6BAD1BF1BA0D008E62A4 /* SDWebImageDownloader.m */ = {isa = PBXFileReference; fileEncoding = 4; lastKnownFileType = sourcecode.c.objc; path = SDWebImageDownloader.m; sourceTree = "<group>"; };
		39AC6BAE1BF1BA0D008E62A4 /* SDWebImageDownloaderOperation.h */ = {isa = PBXFileReference; fileEncoding = 4; lastKnownFileType = sourcecode.c.h; path = SDWebImageDownloaderOperation.h; sourceTree = "<group>"; };
		39AC6BAF1BF1BA0D008E62A4 /* SDWebImageDownloaderOperation.m */ = {isa = PBXFileReference; fileEncoding = 4; lastKnownFileType = sourcecode.c.objc; path = SDWebImageDownloaderOperation.m; sourceTree = "<group>"; };
		39AC6BB01BF1BA0D008E62A4 /* SDWebImageManager.h */ = {isa = PBXFileReference; fileEncoding = 4; lastKnownFileType = sourcecode.c.h; path = SDWebImageManager.h; sourceTree = "<group>"; };
		39AC6BB11BF1BA0D008E62A4 /* SDWebImageManager.m */ = {isa = PBXFileReference; fileEncoding = 4; lastKnownFileType = sourcecode.c.objc; path = SDWebImageManager.m; sourceTree = "<group>"; };
		39AC6BB21BF1BA0D008E62A4 /* SDWebImageOperation.h */ = {isa = PBXFileReference; fileEncoding = 4; lastKnownFileType = sourcecode.c.h; path = SDWebImageOperation.h; sourceTree = "<group>"; };
		39AC6BB31BF1BA0D008E62A4 /* SDWebImagePrefetcher.h */ = {isa = PBXFileReference; fileEncoding = 4; lastKnownFileType = sourcecode.c.h; path = SDWebImagePrefetcher.h; sourceTree = "<group>"; };
		39AC6BB41BF1BA0D008E62A4 /* SDWebImagePrefetcher.m */ = {isa = PBXFileReference; fileEncoding = 4; lastKnownFileType = sourcecode.c.objc; path = SDWebImagePrefetcher.m; sourceTree = "<group>"; };
		39AC6BB51BF1BA0D008E62A4 /* UIButton+WebCache.h */ = {isa = PBXFileReference; fileEncoding = 4; lastKnownFileType = sourcecode.c.h; path = "UIButton+WebCache.h"; sourceTree = "<group>"; };
		39AC6BB61BF1BA0D008E62A4 /* UIButton+WebCache.m */ = {isa = PBXFileReference; fileEncoding = 4; lastKnownFileType = sourcecode.c.objc; path = "UIButton+WebCache.m"; sourceTree = "<group>"; };
		39AC6BB71BF1BA0D008E62A4 /* UIImage+GIF.h */ = {isa = PBXFileReference; fileEncoding = 4; lastKnownFileType = sourcecode.c.h; path = "UIImage+GIF.h"; sourceTree = "<group>"; };
		39AC6BB81BF1BA0D008E62A4 /* UIImage+GIF.m */ = {isa = PBXFileReference; fileEncoding = 4; lastKnownFileType = sourcecode.c.objc; path = "UIImage+GIF.m"; sourceTree = "<group>"; };
		39AC6BB91BF1BA0D008E62A4 /* UIImage+MultiFormat.h */ = {isa = PBXFileReference; fileEncoding = 4; lastKnownFileType = sourcecode.c.h; path = "UIImage+MultiFormat.h"; sourceTree = "<group>"; };
		39AC6BBA1BF1BA0D008E62A4 /* UIImage+MultiFormat.m */ = {isa = PBXFileReference; fileEncoding = 4; lastKnownFileType = sourcecode.c.objc; path = "UIImage+MultiFormat.m"; sourceTree = "<group>"; };
		39AC6BBB1BF1BA0D008E62A4 /* UIImage+WebP.h */ = {isa = PBXFileReference; fileEncoding = 4; lastKnownFileType = sourcecode.c.h; path = "UIImage+WebP.h"; sourceTree = "<group>"; };
		39AC6BBC1BF1BA0D008E62A4 /* UIImage+WebP.m */ = {isa = PBXFileReference; fileEncoding = 4; lastKnownFileType = sourcecode.c.objc; path = "UIImage+WebP.m"; sourceTree = "<group>"; };
		39AC6BBD1BF1BA0D008E62A4 /* UIImageView+HighlightedWebCache.h */ = {isa = PBXFileReference; fileEncoding = 4; lastKnownFileType = sourcecode.c.h; path = "UIImageView+HighlightedWebCache.h"; sourceTree = "<group>"; };
		39AC6BBE1BF1BA0D008E62A4 /* UIImageView+HighlightedWebCache.m */ = {isa = PBXFileReference; fileEncoding = 4; lastKnownFileType = sourcecode.c.objc; path = "UIImageView+HighlightedWebCache.m"; sourceTree = "<group>"; };
		39AC6BBF1BF1BA0D008E62A4 /* UIImageView+WebCache.h */ = {isa = PBXFileReference; fileEncoding = 4; lastKnownFileType = sourcecode.c.h; path = "UIImageView+WebCache.h"; sourceTree = "<group>"; };
		39AC6BC01BF1BA0D008E62A4 /* UIImageView+WebCache.m */ = {isa = PBXFileReference; fileEncoding = 4; lastKnownFileType = sourcecode.c.objc; path = "UIImageView+WebCache.m"; sourceTree = "<group>"; };
		39AC6BC11BF1BA0D008E62A4 /* UIView+WebCacheOperation.h */ = {isa = PBXFileReference; fileEncoding = 4; lastKnownFileType = sourcecode.c.h; path = "UIView+WebCacheOperation.h"; sourceTree = "<group>"; };
		39AC6BC21BF1BA0D008E62A4 /* UIView+WebCacheOperation.m */ = {isa = PBXFileReference; fileEncoding = 4; lastKnownFileType = sourcecode.c.objc; path = "UIView+WebCacheOperation.m"; sourceTree = "<group>"; };
		39AC6BC41BF1BA0D008E62A4 /* SWRevealViewController.h */ = {isa = PBXFileReference; fileEncoding = 4; lastKnownFileType = sourcecode.c.h; path = SWRevealViewController.h; sourceTree = "<group>"; };
		39AC6BC51BF1BA0D008E62A4 /* SWRevealViewController.m */ = {isa = PBXFileReference; fileEncoding = 4; lastKnownFileType = sourcecode.c.objc; path = SWRevealViewController.m; sourceTree = "<group>"; };
		39AC6BDA1BF1BA93008E62A4 /* AppUtils.h */ = {isa = PBXFileReference; fileEncoding = 4; lastKnownFileType = sourcecode.c.h; path = AppUtils.h; sourceTree = "<group>"; };
		39AC6BDB1BF1BA93008E62A4 /* AppUtils.m */ = {isa = PBXFileReference; fileEncoding = 4; lastKnownFileType = sourcecode.c.objc; path = AppUtils.m; sourceTree = "<group>"; };
		39AC6BDC1BF1BA93008E62A4 /* ShareObject.h */ = {isa = PBXFileReference; fileEncoding = 4; lastKnownFileType = sourcecode.c.h; path = ShareObject.h; sourceTree = "<group>"; };
		39AC6BDD1BF1BA93008E62A4 /* ShareObject.m */ = {isa = PBXFileReference; fileEncoding = 4; lastKnownFileType = sourcecode.c.objc; path = ShareObject.m; sourceTree = "<group>"; };
		39AC6BE11BF1BB75008E62A4 /* cer.pem */ = {isa = PBXFileReference; fileEncoding = 4; lastKnownFileType = text; path = cer.pem; sourceTree = "<group>"; };
		39AC6BE21BF1BB75008E62A4 /* cert.p12 */ = {isa = PBXFileReference; lastKnownFileType = file; path = cert.p12; sourceTree = "<group>"; };
		39AC6BE31BF1BB75008E62A4 /* CertificateSigningRequest.certSigningRequest */ = {isa = PBXFileReference; fileEncoding = 4; lastKnownFileType = text; path = CertificateSigningRequest.certSigningRequest; sourceTree = "<group>"; };
		39AC6BE41BF1BB75008E62A4 /* ck.pem */ = {isa = PBXFileReference; fileEncoding = 4; lastKnownFileType = text; path = ck.pem; sourceTree = "<group>"; };
		39AC6BE51BF1BB75008E62A4 /* key.p12 */ = {isa = PBXFileReference; lastKnownFileType = file; path = key.p12; sourceTree = "<group>"; };
		39AC6BE61BF1BB75008E62A4 /* key.pem */ = {isa = PBXFileReference; fileEncoding = 4; lastKnownFileType = text; path = key.pem; sourceTree = "<group>"; };
		39AC6BE71BF1BB75008E62A4 /* key.unencrypted.pem */ = {isa = PBXFileReference; fileEncoding = 4; lastKnownFileType = text; path = key.unencrypted.pem; sourceTree = "<group>"; };
		39AC6BE91BF1BB75008E62A4 /* CertificateSigningRequestProduction.certSigningRequest */ = {isa = PBXFileReference; fileEncoding = 4; lastKnownFileType = text; path = CertificateSigningRequestProduction.certSigningRequest; sourceTree = "<group>"; };
		39AC6BF21BF1BB9D008E62A4 /* KhmerOSBattambang-Bold.ttf */ = {isa = PBXFileReference; lastKnownFileType = file; path = "KhmerOSBattambang-Bold.ttf"; sourceTree = "<group>"; };
		39AC6BF31BF1BB9D008E62A4 /* KhmerOSBattambang-Regular.ttf */ = {isa = PBXFileReference; lastKnownFileType = file; path = "KhmerOSBattambang-Regular.ttf"; sourceTree = "<group>"; };
		39AC6BF71BF1BBD7008E62A4 /* ConnectionManager.h */ = {isa = PBXFileReference; fileEncoding = 4; lastKnownFileType = sourcecode.c.h; path = ConnectionManager.h; sourceTree = "<group>"; };
		39AC6BF81BF1BBD7008E62A4 /* ConnectionManager.m */ = {isa = PBXFileReference; fileEncoding = 4; lastKnownFileType = sourcecode.c.objc; path = ConnectionManager.m; sourceTree = "<group>"; };
		39AC6BF91BF1BBD7008E62A4 /* Reachability.h */ = {isa = PBXFileReference; fileEncoding = 4; lastKnownFileType = sourcecode.c.h; path = Reachability.h; sourceTree = "<group>"; };
		39AC6BFA1BF1BBD7008E62A4 /* Reachability.m */ = {isa = PBXFileReference; fileEncoding = 4; lastKnownFileType = sourcecode.c.objc; path = Reachability.m; sourceTree = "<group>"; };
		39AC6C011BF1CE2C008E62A4 /* DXPopover.h */ = {isa = PBXFileReference; fileEncoding = 4; lastKnownFileType = sourcecode.c.h; path = DXPopover.h; sourceTree = "<group>"; };
		39AC6C021BF1CE2C008E62A4 /* DXPopover.m */ = {isa = PBXFileReference; fileEncoding = 4; lastKnownFileType = sourcecode.c.objc; path = DXPopover.m; sourceTree = "<group>"; };
		ED0683511BB2ADC700F70DE6 /* ScheduleSearchViewController.h */ = {isa = PBXFileReference; fileEncoding = 4; lastKnownFileType = sourcecode.c.h; path = ScheduleSearchViewController.h; sourceTree = "<group>"; };
		ED0683521BB2ADC700F70DE6 /* ScheduleSearchViewController.m */ = {isa = PBXFileReference; fileEncoding = 4; lastKnownFileType = sourcecode.c.objc; path = ScheduleSearchViewController.m; sourceTree = "<group>"; };
		ED36189C1B96E6050095E48A /* SideMenuTableViewController.h */ = {isa = PBXFileReference; fileEncoding = 4; lastKnownFileType = sourcecode.c.h; path = SideMenuTableViewController.h; sourceTree = "<group>"; };
		ED36189D1B96E6050095E48A /* SideMenuTableViewController.m */ = {isa = PBXFileReference; fileEncoding = 4; lastKnownFileType = sourcecode.c.objc; path = SideMenuTableViewController.m; sourceTree = "<group>"; };
		ED3618A51B96FB8F0095E48A /* CustomTableViewCell.h */ = {isa = PBXFileReference; fileEncoding = 4; lastKnownFileType = sourcecode.c.h; path = CustomTableViewCell.h; sourceTree = "<group>"; };
		ED3618A61B96FB8F0095E48A /* CustomTableViewCell.m */ = {isa = PBXFileReference; fileEncoding = 4; lastKnownFileType = sourcecode.c.objc; path = CustomTableViewCell.m; sourceTree = "<group>"; };
		ED367CEF1BA2DE1200481BE7 /* ShowImageViewController.h */ = {isa = PBXFileReference; fileEncoding = 4; lastKnownFileType = sourcecode.c.h; path = ShowImageViewController.h; sourceTree = "<group>"; };
		ED367CF01BA2DE1200481BE7 /* ShowImageViewController.m */ = {isa = PBXFileReference; fileEncoding = 4; lastKnownFileType = sourcecode.c.objc; path = ShowImageViewController.m; sourceTree = "<group>"; };
		ED6B08CB1B97ED0E009068E9 /* DetailViewController.h */ = {isa = PBXFileReference; fileEncoding = 4; lastKnownFileType = sourcecode.c.h; path = DetailViewController.h; sourceTree = "<group>"; };
		ED6B08CC1B97ED0E009068E9 /* DetailViewController.m */ = {isa = PBXFileReference; fileEncoding = 4; lastKnownFileType = sourcecode.c.objc; path = DetailViewController.m; sourceTree = "<group>"; };
		ED6B08E31B9803ED009068E9 /* Senate News-Bridging-Header.h */ = {isa = PBXFileReference; lastKnownFileType = sourcecode.c.h; path = "Senate News-Bridging-Header.h"; sourceTree = "<group>"; };
		ED6B08E61B9809E1009068E9 /* CustomDetailTableViewCell.h */ = {isa = PBXFileReference; fileEncoding = 4; lastKnownFileType = sourcecode.c.h; path = CustomDetailTableViewCell.h; sourceTree = "<group>"; };
		ED6B08E71B9809E1009068E9 /* CustomDetailTableViewCell.m */ = {isa = PBXFileReference; fileEncoding = 4; lastKnownFileType = sourcecode.c.objc; path = CustomDetailTableViewCell.m; sourceTree = "<group>"; };
		ED9401091B96D467001BCE2D /* Senate News.app */ = {isa = PBXFileReference; explicitFileType = wrapper.application; includeInIndex = 0; path = "Senate News.app"; sourceTree = BUILT_PRODUCTS_DIR; };
		ED94010D1B96D467001BCE2D /* Info.plist */ = {isa = PBXFileReference; lastKnownFileType = text.plist.xml; path = Info.plist; sourceTree = "<group>"; };
		ED94010E1B96D467001BCE2D /* main.m */ = {isa = PBXFileReference; lastKnownFileType = sourcecode.c.objc; path = main.m; sourceTree = "<group>"; };
		ED9401101B96D467001BCE2D /* AppDelegate.h */ = {isa = PBXFileReference; lastKnownFileType = sourcecode.c.h; path = AppDelegate.h; sourceTree = "<group>"; };
		ED9401111B96D467001BCE2D /* AppDelegate.m */ = {isa = PBXFileReference; lastKnownFileType = sourcecode.c.objc; path = AppDelegate.m; sourceTree = "<group>"; };
		ED9401191B96D467001BCE2D /* Images.xcassets */ = {isa = PBXFileReference; lastKnownFileType = folder.assetcatalog; path = Images.xcassets; sourceTree = "<group>"; };
		ED94011C1B96D467001BCE2D /* Base */ = {isa = PBXFileReference; lastKnownFileType = file.xib; name = Base; path = Base.lproj/LaunchScreen.xib; sourceTree = "<group>"; };
		ED94013E1B96D4BA001BCE2D /* HomeViewController.h */ = {isa = PBXFileReference; fileEncoding = 4; lastKnownFileType = sourcecode.c.h; path = HomeViewController.h; sourceTree = "<group>"; };
		ED94013F1B96D4BA001BCE2D /* HomeViewController.m */ = {isa = PBXFileReference; fileEncoding = 4; lastKnownFileType = sourcecode.c.objc; path = HomeViewController.m; sourceTree = "<group>"; };
		EDBD300D1BA9010F007E89DE /* SearchTableViewController.h */ = {isa = PBXFileReference; fileEncoding = 4; lastKnownFileType = sourcecode.c.h; path = SearchTableViewController.h; sourceTree = "<group>"; };
		EDBD300E1BA9010F007E89DE /* SearchTableViewController.m */ = {isa = PBXFileReference; fileEncoding = 4; lastKnownFileType = sourcecode.c.objc; path = SearchTableViewController.m; sourceTree = "<group>"; };
		EDBD30111BA90176007E89DE /* CustomSearchTableViewCell.h */ = {isa = PBXFileReference; fileEncoding = 4; lastKnownFileType = sourcecode.c.h; path = CustomSearchTableViewCell.h; sourceTree = "<group>"; };
		EDBD30121BA90176007E89DE /* CustomSearchTableViewCell.m */ = {isa = PBXFileReference; fileEncoding = 4; lastKnownFileType = sourcecode.c.objc; path = CustomSearchTableViewCell.m; sourceTree = "<group>"; };
		EDE27ABD1B9E97EA000AB507 /* MyViewController.h */ = {isa = PBXFileReference; fileEncoding = 4; lastKnownFileType = sourcecode.c.h; path = MyViewController.h; sourceTree = "<group>"; };
		EDE27ABE1B9E97EA000AB507 /* MyViewController.m */ = {isa = PBXFileReference; fileEncoding = 4; lastKnownFileType = sourcecode.c.objc; path = MyViewController.m; sourceTree = "<group>"; };
		EDE386A51BAFF958008403A7 /* CategoryViewController.h */ = {isa = PBXFileReference; fileEncoding = 4; lastKnownFileType = sourcecode.c.h; path = CategoryViewController.h; sourceTree = "<group>"; };
		EDE386A61BAFF958008403A7 /* CategoryViewController.m */ = {isa = PBXFileReference; fileEncoding = 4; lastKnownFileType = sourcecode.c.objc; path = CategoryViewController.m; sourceTree = "<group>"; };
		FD3BF0F91BB5488600F7BBE6 /* AppViewController.h */ = {isa = PBXFileReference; fileEncoding = 4; lastKnownFileType = sourcecode.c.h; path = AppViewController.h; sourceTree = "<group>"; };
		FD3BF0FA1BB5488600F7BBE6 /* AppViewController.m */ = {isa = PBXFileReference; fileEncoding = 4; lastKnownFileType = sourcecode.c.objc; path = AppViewController.m; sourceTree = "<group>"; };
		FD3BF1041BB556D300F7BBE6 /* AboutUsViewController.h */ = {isa = PBXFileReference; fileEncoding = 4; lastKnownFileType = sourcecode.c.h; path = AboutUsViewController.h; sourceTree = "<group>"; };
		FD3BF1051BB556D300F7BBE6 /* AboutUsViewController.m */ = {isa = PBXFileReference; fileEncoding = 4; lastKnownFileType = sourcecode.c.objc; path = AboutUsViewController.m; sourceTree = "<group>"; };
		FD430D261BB28E6F00B3E524 /* ScheduleDetailTableViewController.h */ = {isa = PBXFileReference; fileEncoding = 4; lastKnownFileType = sourcecode.c.h; path = ScheduleDetailTableViewController.h; sourceTree = "<group>"; };
		FD430D271BB28E6F00B3E524 /* ScheduleDetailTableViewController.m */ = {isa = PBXFileReference; fileEncoding = 4; lastKnownFileType = sourcecode.c.objc; path = ScheduleDetailTableViewController.m; sourceTree = "<group>"; };
		FD430D291BB28EBA00B3E524 /* ScheduleDetailTableViewCell.h */ = {isa = PBXFileReference; fileEncoding = 4; lastKnownFileType = sourcecode.c.h; path = ScheduleDetailTableViewCell.h; sourceTree = "<group>"; };
		FD430D2A1BB28EBA00B3E524 /* ScheduleDetailTableViewCell.m */ = {isa = PBXFileReference; fileEncoding = 4; lastKnownFileType = sourcecode.c.objc; path = ScheduleDetailTableViewCell.m; sourceTree = "<group>"; };
		FD5C1EC01BA11C7400C79177 /* Social.framework */ = {isa = PBXFileReference; lastKnownFileType = wrapper.framework; name = Social.framework; path = System/Library/Frameworks/Social.framework; sourceTree = SDKROOT; };
		FD9532711BB0E55B0024D585 /* ScheduleTableViewCell.h */ = {isa = PBXFileReference; fileEncoding = 4; lastKnownFileType = sourcecode.c.h; path = ScheduleTableViewCell.h; sourceTree = "<group>"; };
		FD9532721BB0E55B0024D585 /* ScheduleTableViewCell.m */ = {isa = PBXFileReference; fileEncoding = 4; lastKnownFileType = sourcecode.c.objc; path = ScheduleTableViewCell.m; sourceTree = "<group>"; };
		FDD00C4C1BAFD0D300F74057 /* ScheduleTableViewController.h */ = {isa = PBXFileReference; fileEncoding = 4; lastKnownFileType = sourcecode.c.h; path = ScheduleTableViewController.h; sourceTree = "<group>"; };
		FDD00C4D1BAFD0D300F74057 /* ScheduleTableViewController.m */ = {isa = PBXFileReference; fileEncoding = 4; lastKnownFileType = sourcecode.c.objc; path = ScheduleTableViewController.m; sourceTree = "<group>"; };
/* End PBXFileReference section */

/* Begin PBXFrameworksBuildPhase section */
		ED9401061B96D467001BCE2D /* Frameworks */ = {
			isa = PBXFrameworksBuildPhase;
			buildActionMask = 2147483647;
			files = (
				FD5C1EC11BA11C7400C79177 /* Social.framework in Frameworks */,
			);
			runOnlyForDeploymentPostprocessing = 0;
		};
/* End PBXFrameworksBuildPhase section */

/* Begin PBXGroup section */
		39AC6B071BF1AEAE008E62A4 /* Image_ME */ = {
			isa = PBXGroup;
			children = (
				39AC6BF21BF1BB9D008E62A4 /* KhmerOSBattambang-Bold.ttf */,
				39AC6BF31BF1BB9D008E62A4 /* KhmerOSBattambang-Regular.ttf */,
				39AC6B9A1BF1B074008E62A4 /* VIP-64.png */,
				39AC6B5C1BF1AEFF008E62A4 /* image_KeyPad */,
				39AC6B081BF1AEAE008E62A4 /* 1242 x 2208.png */,
				39AC6B091BF1AEAE008E62A4 /* 640 x 1136.png */,
				39AC6B0A1BF1AEAE008E62A4 /* 640 x 960.png */,
				39AC6B0B1BF1AEAE008E62A4 /* 750 x 1334.png */,
				39AC6B0C1BF1AEAE008E62A4 /* author_icon.png */,
				39AC6B0D1BF1AEAE008E62A4 /* Back-100.png */,
				39AC6B0E1BF1AEAE008E62A4 /* calendar.png */,
				39AC6B0F1BF1AEAE008E62A4 /* character_icon.png */,
				39AC6B101BF1AEAE008E62A4 /* clock.png */,
				39AC6B111BF1AEAE008E62A4 /* close.png */,
				39AC6B121BF1AEAE008E62A4 /* date_icon.png */,
				39AC6B131BF1AEAE008E62A4 /* description.png */,
				39AC6B141BF1AEAE008E62A4 /* Download-100.png */,
				39AC6B151BF1AEAE008E62A4 /* facebook.png */,
				39AC6B161BF1AEAE008E62A4 /* home.png */,
				39AC6B171BF1AEAE008E62A4 /* id_icon.png */,
				39AC6B181BF1AEAE008E62A4 /* info.png */,
				39AC6B191BF1AEAE008E62A4 /* ipad1.png */,
				39AC6B1A1BF1AEAE008E62A4 /* ipad2.png */,
				39AC6B1B1BF1AEAE008E62A4 /* links12.png */,
				39AC6B1C1BF1AEAE008E62A4 /* load_01.png */,
				39AC6B1D1BF1AEAE008E62A4 /* load_02.png */,
				39AC6B1E1BF1AEAE008E62A4 /* load_03.png */,
				39AC6B1F1BF1AEAE008E62A4 /* load_04.png */,
				39AC6B201BF1AEAE008E62A4 /* load_05.png */,
				39AC6B211BF1AEAE008E62A4 /* load_06.png */,
				39AC6B221BF1AEAE008E62A4 /* location.png */,
				39AC6B231BF1AEAE008E62A4 /* logo.png */,
				39AC6B241BF1AEAE008E62A4 /* logo_small.png */,
				39AC6B251BF1AEAE008E62A4 /* menu.png */,
				39AC6B261BF1AEAE008E62A4 /* menu_b_p.png */,
				39AC6B271BF1AEAE008E62A4 /* munu_b.png */,
				39AC6B281BF1AEAE008E62A4 /* news.png */,
				39AC6B291BF1AEAE008E62A4 /* none_photo.png */,
				39AC6B2A1BF1AEAE008E62A4 /* photo_page_icon.png */,
				39AC6B2B1BF1AEAE008E62A4 /* schedule.png */,
				39AC6B2C1BF1AEAE008E62A4 /* Search Filled-50.png */,
				39AC6B2D1BF1AEAE008E62A4 /* Search-50.png */,
				39AC6B2E1BF1AEAE008E62A4 /* senate.png */,
				39AC6B2F1BF1AEAE008E62A4 /* Simple-Logo-GITS.png */,
				39AC6B301BF1AEAE008E62A4 /* topic.png */,
				39AC6B311BF1AEAE008E62A4 /* type.png */,
			);
			path = Image_ME;
			sourceTree = "<group>";
		};
		39AC6B5C1BF1AEFF008E62A4 /* image_KeyPad */ = {
			isa = PBXGroup;
			children = (
				39AC6B5D1BF1AEFF008E62A4 /* close_icon.png */,
				39AC6B5E1BF1AEFF008E62A4 /* close_icon_p.png */,
				39AC6B5F1BF1AEFF008E62A4 /* input_btn.png */,
				39AC6B601BF1AEFF008E62A4 /* input_btn_p.png */,
				39AC6B611BF1AEFF008E62A4 /* keypad_back_btn.png */,
				39AC6B621BF1AEFF008E62A4 /* keypad_back_btn_p.png */,
				39AC6B631BF1AEFF008E62A4 /* keypad_btn_0.png */,
				39AC6B641BF1AEFF008E62A4 /* keypad_btn_0_p.png */,
				39AC6B651BF1AEFF008E62A4 /* keypad_btn_1.png */,
				39AC6B661BF1AEFF008E62A4 /* keypad_btn_1_p.png */,
				39AC6B671BF1AEFF008E62A4 /* keypad_btn_2.png */,
				39AC6B681BF1AEFF008E62A4 /* keypad_btn_2_p.png */,
				39AC6B691BF1AEFF008E62A4 /* keypad_btn_3.png */,
				39AC6B6A1BF1AEFF008E62A4 /* keypad_btn_3_p.png */,
				39AC6B6B1BF1AEFF008E62A4 /* keypad_btn_4.png */,
				39AC6B6C1BF1AEFF008E62A4 /* keypad_btn_4_p.png */,
				39AC6B6D1BF1AEFF008E62A4 /* keypad_btn_5.png */,
				39AC6B6E1BF1AEFF008E62A4 /* keypad_btn_5_p.png */,
				39AC6B6F1BF1AEFF008E62A4 /* keypad_btn_6.png */,
				39AC6B701BF1AEFF008E62A4 /* keypad_btn_6_p.png */,
				39AC6B711BF1AEFF008E62A4 /* keypad_btn_7.png */,
				39AC6B721BF1AEFF008E62A4 /* keypad_btn_7_p.png */,
				39AC6B731BF1AEFF008E62A4 /* keypad_btn_8.png */,
				39AC6B741BF1AEFF008E62A4 /* keypad_btn_8_p.png */,
				39AC6B751BF1AEFF008E62A4 /* keypad_btn_9.png */,
				39AC6B761BF1AEFF008E62A4 /* keypad_btn_9_p.png */,
				39AC6B771BF1AEFF008E62A4 /* lock_icon.png */,
				39AC6B781BF1AEFF008E62A4 /* ok_icon.png */,
			);
			path = image_KeyPad;
			sourceTree = "<group>";
		};
		39AC6B9C1BF1BA0D008E62A4 /* outsources */ = {
			isa = PBXGroup;
			children = (
				39AC6C001BF1CE2C008E62A4 /* popup */,
				39AC6B9D1BF1BA0D008E62A4 /* GITSRefreshAndLoadMore.h */,
				39AC6B9E1BF1BA0D008E62A4 /* GITSRefreshAndLoadMore.m */,
				39AC6B9F1BF1BA0D008E62A4 /* MBProgressHUD.h */,
				39AC6BA01BF1BA0D008E62A4 /* MBProgressHUD.m */,
				39AC6BA11BF1BA0D008E62A4 /* SDWebImage */,
				39AC6BC31BF1BA0D008E62A4 /* SlideMenu */,
			);
			path = outsources;
			sourceTree = "<group>";
		};
		39AC6BA11BF1BA0D008E62A4 /* SDWebImage */ = {
			isa = PBXGroup;
			children = (
				39AC6BA21BF1BA0D008E62A4 /* MKAnnotationView+WebCache.h */,
				39AC6BA31BF1BA0D008E62A4 /* MKAnnotationView+WebCache.m */,
				39AC6BA41BF1BA0D008E62A4 /* NSData+ImageContentType.h */,
				39AC6BA51BF1BA0D008E62A4 /* NSData+ImageContentType.m */,
				39AC6BA61BF1BA0D008E62A4 /* SDImageCache.h */,
				39AC6BA71BF1BA0D008E62A4 /* SDImageCache.m */,
				39AC6BA81BF1BA0D008E62A4 /* SDWebImageCompat.h */,
				39AC6BA91BF1BA0D008E62A4 /* SDWebImageCompat.m */,
				39AC6BAA1BF1BA0D008E62A4 /* SDWebImageDecoder.h */,
				39AC6BAB1BF1BA0D008E62A4 /* SDWebImageDecoder.m */,
				39AC6BAC1BF1BA0D008E62A4 /* SDWebImageDownloader.h */,
				39AC6BAD1BF1BA0D008E62A4 /* SDWebImageDownloader.m */,
				39AC6BAE1BF1BA0D008E62A4 /* SDWebImageDownloaderOperation.h */,
				39AC6BAF1BF1BA0D008E62A4 /* SDWebImageDownloaderOperation.m */,
				39AC6BB01BF1BA0D008E62A4 /* SDWebImageManager.h */,
				39AC6BB11BF1BA0D008E62A4 /* SDWebImageManager.m */,
				39AC6BB21BF1BA0D008E62A4 /* SDWebImageOperation.h */,
				39AC6BB31BF1BA0D008E62A4 /* SDWebImagePrefetcher.h */,
				39AC6BB41BF1BA0D008E62A4 /* SDWebImagePrefetcher.m */,
				39AC6BB51BF1BA0D008E62A4 /* UIButton+WebCache.h */,
				39AC6BB61BF1BA0D008E62A4 /* UIButton+WebCache.m */,
				39AC6BB71BF1BA0D008E62A4 /* UIImage+GIF.h */,
				39AC6BB81BF1BA0D008E62A4 /* UIImage+GIF.m */,
				39AC6BB91BF1BA0D008E62A4 /* UIImage+MultiFormat.h */,
				39AC6BBA1BF1BA0D008E62A4 /* UIImage+MultiFormat.m */,
				39AC6BBB1BF1BA0D008E62A4 /* UIImage+WebP.h */,
				39AC6BBC1BF1BA0D008E62A4 /* UIImage+WebP.m */,
				39AC6BBD1BF1BA0D008E62A4 /* UIImageView+HighlightedWebCache.h */,
				39AC6BBE1BF1BA0D008E62A4 /* UIImageView+HighlightedWebCache.m */,
				39AC6BBF1BF1BA0D008E62A4 /* UIImageView+WebCache.h */,
				39AC6BC01BF1BA0D008E62A4 /* UIImageView+WebCache.m */,
				39AC6BC11BF1BA0D008E62A4 /* UIView+WebCacheOperation.h */,
				39AC6BC21BF1BA0D008E62A4 /* UIView+WebCacheOperation.m */,
			);
			path = SDWebImage;
			sourceTree = "<group>";
		};
		39AC6BC31BF1BA0D008E62A4 /* SlideMenu */ = {
			isa = PBXGroup;
			children = (
				39AC6BC41BF1BA0D008E62A4 /* SWRevealViewController.h */,
				39AC6BC51BF1BA0D008E62A4 /* SWRevealViewController.m */,
			);
			path = SlideMenu;
			sourceTree = "<group>";
		};
		39AC6BD91BF1BA93008E62A4 /* common */ = {
			isa = PBXGroup;
			children = (
				39AC6BDA1BF1BA93008E62A4 /* AppUtils.h */,
				39AC6BDB1BF1BA93008E62A4 /* AppUtils.m */,
				39AC6BDC1BF1BA93008E62A4 /* ShareObject.h */,
				39AC6BDD1BF1BA93008E62A4 /* ShareObject.m */,
			);
			path = common;
			sourceTree = "<group>";
		};
		39AC6BE01BF1BB75008E62A4 /* APNS Development */ = {
			isa = PBXGroup;
			children = (
				39AC6BE11BF1BB75008E62A4 /* cer.pem */,
				39AC6BE21BF1BB75008E62A4 /* cert.p12 */,
				39AC6BE31BF1BB75008E62A4 /* CertificateSigningRequest.certSigningRequest */,
				39AC6BE41BF1BB75008E62A4 /* ck.pem */,
				39AC6BE51BF1BB75008E62A4 /* key.p12 */,
				39AC6BE61BF1BB75008E62A4 /* key.pem */,
				39AC6BE71BF1BB75008E62A4 /* key.unencrypted.pem */,
			);
			path = "APNS Development";
			sourceTree = "<group>";
		};
		39AC6BE81BF1BB75008E62A4 /* APNS Production */ = {
			isa = PBXGroup;
			children = (
				39AC6BE91BF1BB75008E62A4 /* CertificateSigningRequestProduction.certSigningRequest */,
			);
			path = "APNS Production";
			sourceTree = "<group>";
		};
		39AC6BF61BF1BBD7008E62A4 /* Connection */ = {
			isa = PBXGroup;
			children = (
				39AC6BF71BF1BBD7008E62A4 /* ConnectionManager.h */,
				39AC6BF81BF1BBD7008E62A4 /* ConnectionManager.m */,
				39AC6BF91BF1BBD7008E62A4 /* Reachability.h */,
				39AC6BFA1BF1BBD7008E62A4 /* Reachability.m */,
			);
			path = Connection;
			sourceTree = "<group>";
		};
		39AC6C001BF1CE2C008E62A4 /* popup */ = {
			isa = PBXGroup;
			children = (
				39AC6C011BF1CE2C008E62A4 /* DXPopover.h */,
				39AC6C021BF1CE2C008E62A4 /* DXPopover.m */,
			);
			path = popup;
			sourceTree = "<group>";
		};
		ED0683501BB2ADB300F70DE6 /* Search */ = {
			isa = PBXGroup;
			children = (
				ED0683511BB2ADC700F70DE6 /* ScheduleSearchViewController.h */,
				ED0683521BB2ADC700F70DE6 /* ScheduleSearchViewController.m */,
			);
			name = Search;
			sourceTree = "<group>";
		};
		ED36189A1B96E5CB0095E48A /* MainScreen */ = {
			isa = PBXGroup;
			children = (
				ED94013E1B96D4BA001BCE2D /* HomeViewController.h */,
				ED94013F1B96D4BA001BCE2D /* HomeViewController.m */,
				ED3618A51B96FB8F0095E48A /* CustomTableViewCell.h */,
				ED3618A61B96FB8F0095E48A /* CustomTableViewCell.m */,
			);
			name = MainScreen;
			sourceTree = "<group>";
		};
		ED36189B1B96E5DC0095E48A /* Side Menu */ = {
			isa = PBXGroup;
			children = (
				ED36189C1B96E6050095E48A /* SideMenuTableViewController.h */,
				ED36189D1B96E6050095E48A /* SideMenuTableViewController.m */,
			);
			name = "Side Menu";
			sourceTree = "<group>";
		};
		ED6B08CA1B97ECE5009068E9 /* Detail Controller */ = {
			isa = PBXGroup;
			children = (
				EDE386A41BAFF94B008403A7 /* category */,
				EDBD30101BA90141007E89DE /* Search */,
				ED6B08CB1B97ED0E009068E9 /* DetailViewController.h */,
				ED6B08CC1B97ED0E009068E9 /* DetailViewController.m */,
				ED6B08E61B9809E1009068E9 /* CustomDetailTableViewCell.h */,
				ED6B08E71B9809E1009068E9 /* CustomDetailTableViewCell.m */,
				ED367CEF1BA2DE1200481BE7 /* ShowImageViewController.h */,
				ED367CF01BA2DE1200481BE7 /* ShowImageViewController.m */,
			);
			name = "Detail Controller";
			sourceTree = "<group>";
		};
		ED9401001B96D466001BCE2D = {
			isa = PBXGroup;
			children = (
				ED94010B1B96D467001BCE2D /* Senate News */,
				ED94010A1B96D467001BCE2D /* Products */,
				FD5C1EC01BA11C7400C79177 /* Social.framework */,
			);
			sourceTree = "<group>";
		};
		ED94010A1B96D467001BCE2D /* Products */ = {
			isa = PBXGroup;
			children = (
				ED9401091B96D467001BCE2D /* Senate News.app */,
			);
			name = Products;
			sourceTree = "<group>";
		};
		ED94010B1B96D467001BCE2D /* Senate News */ = {
			isa = PBXGroup;
			children = (
				ED9401101B96D467001BCE2D /* AppDelegate.h */,
				ED9401111B96D467001BCE2D /* AppDelegate.m */,
				FD3BF0F81BB5486900F7BBE6 /* Setting */,
				FD9532701BB0E5300024D585 /* Schedule */,
				ED36189B1B96E5DC0095E48A /* Side Menu */,
				39AC6BF61BF1BBD7008E62A4 /* Connection */,
				ED36189A1B96E5CB0095E48A /* MainScreen */,
				ED6B08CA1B97ECE5009068E9 /* Detail Controller */,
				ED9401191B96D467001BCE2D /* Images.xcassets */,
				ED94011B1B96D467001BCE2D /* LaunchScreen.xib */,
				39AC6B981BF1AF8B008E62A4 /* Main.storyboard */,
				EDE27ABD1B9E97EA000AB507 /* MyViewController.h */,
				EDE27ABE1B9E97EA000AB507 /* MyViewController.m */,
				ED94010C1B96D467001BCE2D /* Supporting Files */,
			);
			path = "Senate News";
			sourceTree = "<group>";
		};
		ED94010C1B96D467001BCE2D /* Supporting Files */ = {
			isa = PBXGroup;
			children = (
				39AC6BD91BF1BA93008E62A4 /* common */,
				39AC6B9C1BF1BA0D008E62A4 /* outsources */,
				39AC6B071BF1AEAE008E62A4 /* Image_ME */,
				39AC6BE01BF1BB75008E62A4 /* APNS Development */,
				39AC6BE81BF1BB75008E62A4 /* APNS Production */,
				ED6B08E31B9803ED009068E9 /* Senate News-Bridging-Header.h */,
				ED94010D1B96D467001BCE2D /* Info.plist */,
				ED94010E1B96D467001BCE2D /* main.m */,
			);
			name = "Supporting Files";
			sourceTree = "<group>";
		};
		EDBD30101BA90141007E89DE /* Search */ = {
			isa = PBXGroup;
			children = (
				EDBD300D1BA9010F007E89DE /* SearchTableViewController.h */,
				EDBD300E1BA9010F007E89DE /* SearchTableViewController.m */,
				EDBD30111BA90176007E89DE /* CustomSearchTableViewCell.h */,
				EDBD30121BA90176007E89DE /* CustomSearchTableViewCell.m */,
			);
			name = Search;
			sourceTree = "<group>";
		};
		EDE386A41BAFF94B008403A7 /* category */ = {
			isa = PBXGroup;
			children = (
				EDE386A51BAFF958008403A7 /* CategoryViewController.h */,
				EDE386A61BAFF958008403A7 /* CategoryViewController.m */,
			);
			name = category;
			sourceTree = "<group>";
		};
		FD3BF0F81BB5486900F7BBE6 /* Setting */ = {
			isa = PBXGroup;
			children = (
				FD3BF0F91BB5488600F7BBE6 /* AppViewController.h */,
				FD3BF0FA1BB5488600F7BBE6 /* AppViewController.m */,
				FD3BF1041BB556D300F7BBE6 /* AboutUsViewController.h */,
				FD3BF1051BB556D300F7BBE6 /* AboutUsViewController.m */,
				39AC6B951BF1AF6D008E62A4 /* PasswordViewController.h */,
				39AC6B961BF1AF6D008E62A4 /* PasswordViewController.m */,
			);
			name = Setting;
			sourceTree = "<group>";
		};
		FD430D221BB28DE400B3E524 /* Detail */ = {
			isa = PBXGroup;
			children = (
				FD430D261BB28E6F00B3E524 /* ScheduleDetailTableViewController.h */,
				FD430D271BB28E6F00B3E524 /* ScheduleDetailTableViewController.m */,
				FD430D291BB28EBA00B3E524 /* ScheduleDetailTableViewCell.h */,
				FD430D2A1BB28EBA00B3E524 /* ScheduleDetailTableViewCell.m */,
			);
			name = Detail;
			sourceTree = "<group>";
		};
		FD9532701BB0E5300024D585 /* Schedule */ = {
			isa = PBXGroup;
			children = (
				ED0683501BB2ADB300F70DE6 /* Search */,
				FD430D221BB28DE400B3E524 /* Detail */,
				FDD00C4C1BAFD0D300F74057 /* ScheduleTableViewController.h */,
				FDD00C4D1BAFD0D300F74057 /* ScheduleTableViewController.m */,
				FD9532711BB0E55B0024D585 /* ScheduleTableViewCell.h */,
				FD9532721BB0E55B0024D585 /* ScheduleTableViewCell.m */,
			);
			name = Schedule;
			sourceTree = "<group>";
		};
/* End PBXGroup section */

/* Begin PBXNativeTarget section */
		ED9401081B96D467001BCE2D /* Senate News */ = {
			isa = PBXNativeTarget;
			buildConfigurationList = ED94012C1B96D467001BCE2D /* Build configuration list for PBXNativeTarget "Senate News" */;
			buildPhases = (
				ED9401051B96D467001BCE2D /* Sources */,
				ED9401061B96D467001BCE2D /* Frameworks */,
				ED9401071B96D467001BCE2D /* Resources */,
			);
			buildRules = (
			);
			dependencies = (
			);
			name = "Senate News";
			productName = "Senate News";
			productReference = ED9401091B96D467001BCE2D /* Senate News.app */;
			productType = "com.apple.product-type.application";
		};
/* End PBXNativeTarget section */

/* Begin PBXProject section */
		ED9401011B96D466001BCE2D /* Project object */ = {
			isa = PBXProject;
			attributes = {
				LastUpgradeCheck = 0700;
				ORGANIZATIONNAME = GITS;
				TargetAttributes = {
					ED9401081B96D467001BCE2D = {
						CreatedOnToolsVersion = 6.3.1;
						DevelopmentTeam = 8WB65T4HC4;
						SystemCapabilities = {
							com.apple.BackgroundModes = {
								enabled = 1;
							};
						};
					};
				};
			};
			buildConfigurationList = ED9401041B96D466001BCE2D /* Build configuration list for PBXProject "Senate News" */;
			compatibilityVersion = "Xcode 3.2";
			developmentRegion = English;
			hasScannedForEncodings = 0;
			knownRegions = (
				en,
				Base,
			);
			mainGroup = ED9401001B96D466001BCE2D;
			productRefGroup = ED94010A1B96D467001BCE2D /* Products */;
			projectDirPath = "";
			projectRoot = "";
			targets = (
				ED9401081B96D467001BCE2D /* Senate News */,
			);
		};
/* End PBXProject section */

/* Begin PBXResourcesBuildPhase section */
		ED9401071B96D467001BCE2D /* Resources */ = {
			isa = PBXResourcesBuildPhase;
			buildActionMask = 2147483647;
			files = (
				39AC6B501BF1AEAE008E62A4 /* menu_b_p.png in Resources */,
				39AC6B351BF1AEAE008E62A4 /* 750 x 1334.png in Resources */,
				39AC6B411BF1AEAE008E62A4 /* id_icon.png in Resources */,
				39AC6B8A1BF1AEFF008E62A4 /* keypad_btn_5_p.png in Resources */,
				39AC6B3A1BF1AEAE008E62A4 /* clock.png in Resources */,
				39AC6B581BF1AEAE008E62A4 /* senate.png in Resources */,
				39AC6B431BF1AEAE008E62A4 /* ipad1.png in Resources */,
				39AC6B881BF1AEFF008E62A4 /* keypad_btn_4_p.png in Resources */,
				39AC6B4E1BF1AEAE008E62A4 /* logo_small.png in Resources */,
				39AC6B331BF1AEAE008E62A4 /* 640 x 1136.png in Resources */,
				39AC6B7F1BF1AEFF008E62A4 /* keypad_btn_0.png in Resources */,
				39AC6B901BF1AEFF008E62A4 /* keypad_btn_8_p.png in Resources */,
				39AC6B451BF1AEAE008E62A4 /* links12.png in Resources */,
				39AC6B831BF1AEFF008E62A4 /* keypad_btn_2.png in Resources */,
				39AC6B401BF1AEAE008E62A4 /* home.png in Resources */,
				39AC6B871BF1AEFF008E62A4 /* keypad_btn_4.png in Resources */,
				39AC6B391BF1AEAE008E62A4 /* character_icon.png in Resources */,
				39AC6B921BF1AEFF008E62A4 /* keypad_btn_9_p.png in Resources */,
				39AC6B321BF1AEAE008E62A4 /* 1242 x 2208.png in Resources */,
				39AC6B811BF1AEFF008E62A4 /* keypad_btn_1.png in Resources */,
				39AC6BED1BF1BB75008E62A4 /* ck.pem in Resources */,
				39AC6B931BF1AEFF008E62A4 /* lock_icon.png in Resources */,
				39AC6B3F1BF1AEAE008E62A4 /* facebook.png in Resources */,
				39AC6B8E1BF1AEFF008E62A4 /* keypad_btn_7_p.png in Resources */,
				39AC6B7B1BF1AEFF008E62A4 /* input_btn.png in Resources */,
				39AC6B3C1BF1AEAE008E62A4 /* date_icon.png in Resources */,
				39AC6B3D1BF1AEAE008E62A4 /* description.png in Resources */,
				39AC6B911BF1AEFF008E62A4 /* keypad_btn_9.png in Resources */,
				39AC6BEB1BF1BB75008E62A4 /* cert.p12 in Resources */,
				39AC6B7A1BF1AEFF008E62A4 /* close_icon_p.png in Resources */,
				39AC6B851BF1AEFF008E62A4 /* keypad_btn_3.png in Resources */,
				39AC6B821BF1AEFF008E62A4 /* keypad_btn_1_p.png in Resources */,
				39AC6BF01BF1BB75008E62A4 /* key.unencrypted.pem in Resources */,
				39AC6B4A1BF1AEAE008E62A4 /* load_05.png in Resources */,
				39AC6BEA1BF1BB75008E62A4 /* cer.pem in Resources */,
				39AC6B5B1BF1AEAE008E62A4 /* type.png in Resources */,
				39AC6BF11BF1BB75008E62A4 /* CertificateSigningRequestProduction.certSigningRequest in Resources */,
				39AC6B4F1BF1AEAE008E62A4 /* menu.png in Resources */,
				39AC6B8D1BF1AEFF008E62A4 /* keypad_btn_7.png in Resources */,
				ED94011D1B96D467001BCE2D /* LaunchScreen.xib in Resources */,
				39AC6B561BF1AEAE008E62A4 /* Search Filled-50.png in Resources */,
				39AC6B3B1BF1AEAE008E62A4 /* close.png in Resources */,
				39AC6B531BF1AEAE008E62A4 /* none_photo.png in Resources */,
				39AC6B861BF1AEFF008E62A4 /* keypad_btn_3_p.png in Resources */,
				39AC6B3E1BF1AEAE008E62A4 /* Download-100.png in Resources */,
				39AC6B941BF1AEFF008E62A4 /* ok_icon.png in Resources */,
				39AC6B591BF1AEAE008E62A4 /* Simple-Logo-GITS.png in Resources */,
				39AC6B541BF1AEAE008E62A4 /* photo_page_icon.png in Resources */,
				39AC6B991BF1AF8B008E62A4 /* Main.storyboard in Resources */,
				39AC6B421BF1AEAE008E62A4 /* info.png in Resources */,
				39AC6B5A1BF1AEAE008E62A4 /* topic.png in Resources */,
				39AC6B471BF1AEAE008E62A4 /* load_02.png in Resources */,
				39AC6B521BF1AEAE008E62A4 /* news.png in Resources */,
				39AC6B341BF1AEAE008E62A4 /* 640 x 960.png in Resources */,
				39AC6BEF1BF1BB75008E62A4 /* key.pem in Resources */,
				39AC6B891BF1AEFF008E62A4 /* keypad_btn_5.png in Resources */,
				39AC6BEC1BF1BB75008E62A4 /* CertificateSigningRequest.certSigningRequest in Resources */,
				39AC6B571BF1AEAE008E62A4 /* Search-50.png in Resources */,
				39AC6B7D1BF1AEFF008E62A4 /* keypad_back_btn.png in Resources */,
				39AC6B841BF1AEFF008E62A4 /* keypad_btn_2_p.png in Resources */,
				39AC6B9B1BF1B074008E62A4 /* VIP-64.png in Resources */,
				39AC6B791BF1AEFF008E62A4 /* close_icon.png in Resources */,
				39AC6B4D1BF1AEAE008E62A4 /* logo.png in Resources */,
				39AC6BEE1BF1BB75008E62A4 /* key.p12 in Resources */,
				39AC6B7E1BF1AEFF008E62A4 /* keypad_back_btn_p.png in Resources */,
				39AC6B481BF1AEAE008E62A4 /* load_03.png in Resources */,
				39AC6B361BF1AEAE008E62A4 /* author_icon.png in Resources */,
				39AC6B801BF1AEFF008E62A4 /* keypad_btn_0_p.png in Resources */,
				39AC6B551BF1AEAE008E62A4 /* schedule.png in Resources */,
				39AC6B8F1BF1AEFF008E62A4 /* keypad_btn_8.png in Resources */,
				39AC6B4B1BF1AEAE008E62A4 /* load_06.png in Resources */,
				39AC6BF41BF1BB9D008E62A4 /* KhmerOSBattambang-Bold.ttf in Resources */,
				39AC6B511BF1AEAE008E62A4 /* munu_b.png in Resources */,
				39AC6B371BF1AEAE008E62A4 /* Back-100.png in Resources */,
				39AC6B4C1BF1AEAE008E62A4 /* location.png in Resources */,
				39AC6B381BF1AEAE008E62A4 /* calendar.png in Resources */,
				ED94011A1B96D467001BCE2D /* Images.xcassets in Resources */,
				39AC6B461BF1AEAE008E62A4 /* load_01.png in Resources */,
				39AC6BF51BF1BB9D008E62A4 /* KhmerOSBattambang-Regular.ttf in Resources */,
				39AC6B7C1BF1AEFF008E62A4 /* input_btn_p.png in Resources */,
				39AC6B8B1BF1AEFF008E62A4 /* keypad_btn_6.png in Resources */,
				39AC6B8C1BF1AEFF008E62A4 /* keypad_btn_6_p.png in Resources */,
				39AC6B441BF1AEAE008E62A4 /* ipad2.png in Resources */,
				39AC6B491BF1AEAE008E62A4 /* load_04.png in Resources */,
			);
			runOnlyForDeploymentPostprocessing = 0;
		};
/* End PBXResourcesBuildPhase section */

/* Begin PBXSourcesBuildPhase section */
		ED9401051B96D467001BCE2D /* Sources */ = {
			isa = PBXSourcesBuildPhase;
			buildActionMask = 2147483647;
			files = (
				39AC6B971BF1AF6D008E62A4 /* PasswordViewController.m in Sources */,
				FD3BF1061BB556D300F7BBE6 /* AboutUsViewController.m in Sources */,
				FD430D2B1BB28EBA00B3E524 /* ScheduleDetailTableViewCell.m in Sources */,
				39AC6BD31BF1BA0D008E62A4 /* UIImage+MultiFormat.m in Sources */,
				FD3BF0FB1BB5488600F7BBE6 /* AppViewController.m in Sources */,
				39AC6BD41BF1BA0D008E62A4 /* UIImage+WebP.m in Sources */,
				39AC6BCC1BF1BA0D008E62A4 /* SDWebImageDecoder.m in Sources */,
				39AC6BCB1BF1BA0D008E62A4 /* SDWebImageCompat.m in Sources */,
				EDE27ABF1B9E97EA000AB507 /* MyViewController.m in Sources */,
				39AC6BD81BF1BA0D008E62A4 /* SWRevealViewController.m in Sources */,
				39AC6BC91BF1BA0D008E62A4 /* NSData+ImageContentType.m in Sources */,
				ED9401121B96D467001BCE2D /* AppDelegate.m in Sources */,
				39AC6BD51BF1BA0D008E62A4 /* UIImageView+HighlightedWebCache.m in Sources */,
				FDD00C4E1BAFD0D300F74057 /* ScheduleTableViewController.m in Sources */,
				39AC6BFC1BF1BBD7008E62A4 /* Reachability.m in Sources */,
				ED94010F1B96D467001BCE2D /* main.m in Sources */,
				ED6B08E81B9809E1009068E9 /* CustomDetailTableViewCell.m in Sources */,
				39AC6BCD1BF1BA0D008E62A4 /* SDWebImageDownloader.m in Sources */,
				39AC6BD11BF1BA0D008E62A4 /* UIButton+WebCache.m in Sources */,
				EDBD300F1BA9010F007E89DE /* SearchTableViewController.m in Sources */,
				ED367CF11BA2DE1200481BE7 /* ShowImageViewController.m in Sources */,
				EDE386A71BAFF958008403A7 /* CategoryViewController.m in Sources */,
				39AC6BDE1BF1BA93008E62A4 /* AppUtils.m in Sources */,
				EDBD30131BA90176007E89DE /* CustomSearchTableViewCell.m in Sources */,
				39AC6BCE1BF1BA0D008E62A4 /* SDWebImageDownloaderOperation.m in Sources */,
				39AC6BC71BF1BA0D008E62A4 /* MBProgressHUD.m in Sources */,
				39AC6BDF1BF1BA93008E62A4 /* ShareObject.m in Sources */,
				ED3618A71B96FB8F0095E48A /* CustomTableViewCell.m in Sources */,
				39AC6BD71BF1BA0D008E62A4 /* UIView+WebCacheOperation.m in Sources */,
				39AC6BCA1BF1BA0D008E62A4 /* SDImageCache.m in Sources */,
				39AC6BCF1BF1BA0D008E62A4 /* SDWebImageManager.m in Sources */,
				39AC6C041BF1CE2C008E62A4 /* DXPopover.m in Sources */,
				39AC6BD01BF1BA0D008E62A4 /* SDWebImagePrefetcher.m in Sources */,
				ED9401401B96D4BA001BCE2D /* HomeViewController.m in Sources */,
				39AC6BC61BF1BA0D008E62A4 /* GITSRefreshAndLoadMore.m in Sources */,
				39AC6BFB1BF1BBD7008E62A4 /* ConnectionManager.m in Sources */,
				ED36189E1B96E6050095E48A /* SideMenuTableViewController.m in Sources */,
				FD430D281BB28E6F00B3E524 /* ScheduleDetailTableViewController.m in Sources */,
				39AC6BD61BF1BA0D008E62A4 /* UIImageView+WebCache.m in Sources */,
				ED6B08CD1B97ED0E009068E9 /* DetailViewController.m in Sources */,
				ED0683531BB2ADC700F70DE6 /* ScheduleSearchViewController.m in Sources */,
				39AC6BC81BF1BA0D008E62A4 /* MKAnnotationView+WebCache.m in Sources */,
				FD9532731BB0E55B0024D585 /* ScheduleTableViewCell.m in Sources */,
				39AC6BD21BF1BA0D008E62A4 /* UIImage+GIF.m in Sources */,
			);
			runOnlyForDeploymentPostprocessing = 0;
		};
/* End PBXSourcesBuildPhase section */

/* Begin PBXVariantGroup section */
		ED94011B1B96D467001BCE2D /* LaunchScreen.xib */ = {
			isa = PBXVariantGroup;
			children = (
				ED94011C1B96D467001BCE2D /* Base */,
			);
			name = LaunchScreen.xib;
			sourceTree = "<group>";
		};
/* End PBXVariantGroup section */

/* Begin XCBuildConfiguration section */
		ED94012A1B96D467001BCE2D /* Debug */ = {
			isa = XCBuildConfiguration;
			buildSettings = {
				ALWAYS_SEARCH_USER_PATHS = NO;
				CLANG_CXX_LANGUAGE_STANDARD = "gnu++0x";
				CLANG_CXX_LIBRARY = "libc++";
				CLANG_ENABLE_MODULES = YES;
				CLANG_ENABLE_OBJC_ARC = YES;
				CLANG_WARN_BOOL_CONVERSION = YES;
				CLANG_WARN_CONSTANT_CONVERSION = YES;
				CLANG_WARN_DIRECT_OBJC_ISA_USAGE = YES_ERROR;
				CLANG_WARN_EMPTY_BODY = YES;
				CLANG_WARN_ENUM_CONVERSION = YES;
				CLANG_WARN_INT_CONVERSION = YES;
				CLANG_WARN_OBJC_ROOT_CLASS = YES_ERROR;
				CLANG_WARN_UNREACHABLE_CODE = YES;
				CLANG_WARN__DUPLICATE_METHOD_MATCH = YES;
				CODE_SIGN_IDENTITY = "iPhone Distribution: Vuthea Chheang (8WB65T4HC4)";
				"CODE_SIGN_IDENTITY[sdk=iphoneos*]" = "iPhone Distribution: Vuthea Chheang (8WB65T4HC4)";
				COPY_PHASE_STRIP = NO;
				DEBUG_INFORMATION_FORMAT = "dwarf-with-dsym";
				ENABLE_STRICT_OBJC_MSGSEND = YES;
				ENABLE_TESTABILITY = YES;
				GCC_C_LANGUAGE_STANDARD = gnu99;
				GCC_DYNAMIC_NO_PIC = NO;
				GCC_NO_COMMON_BLOCKS = YES;
				GCC_OPTIMIZATION_LEVEL = 0;
				GCC_PREPROCESSOR_DEFINITIONS = (
					"DEBUG=1",
					"$(inherited)",
				);
				GCC_SYMBOLS_PRIVATE_EXTERN = NO;
				GCC_WARN_64_TO_32_BIT_CONVERSION = YES;
				GCC_WARN_ABOUT_RETURN_TYPE = YES_ERROR;
				GCC_WARN_UNDECLARED_SELECTOR = YES;
				GCC_WARN_UNINITIALIZED_AUTOS = YES_AGGRESSIVE;
				GCC_WARN_UNUSED_FUNCTION = YES;
				GCC_WARN_UNUSED_VARIABLE = YES;
				IPHONEOS_DEPLOYMENT_TARGET = 7.0;
				MTL_ENABLE_DEBUG_INFO = YES;
				ONLY_ACTIVE_ARCH = YES;
				PROVISIONING_PROFILE = "e68cbcf7-d7bc-48b5-ada8-8a322a0b3ce2";
				SDKROOT = iphoneos;
			};
			name = Debug;
		};
		ED94012B1B96D467001BCE2D /* Release */ = {
			isa = XCBuildConfiguration;
			buildSettings = {
				ALWAYS_SEARCH_USER_PATHS = NO;
				CLANG_CXX_LANGUAGE_STANDARD = "gnu++0x";
				CLANG_CXX_LIBRARY = "libc++";
				CLANG_ENABLE_MODULES = YES;
				CLANG_ENABLE_OBJC_ARC = YES;
				CLANG_WARN_BOOL_CONVERSION = YES;
				CLANG_WARN_CONSTANT_CONVERSION = YES;
				CLANG_WARN_DIRECT_OBJC_ISA_USAGE = YES_ERROR;
				CLANG_WARN_EMPTY_BODY = YES;
				CLANG_WARN_ENUM_CONVERSION = YES;
				CLANG_WARN_INT_CONVERSION = YES;
				CLANG_WARN_OBJC_ROOT_CLASS = YES_ERROR;
				CLANG_WARN_UNREACHABLE_CODE = YES;
				CLANG_WARN__DUPLICATE_METHOD_MATCH = YES;
				CODE_SIGN_IDENTITY = "iPhone Distribution: Vuthea Chheang (8WB65T4HC4)";
				"CODE_SIGN_IDENTITY[sdk=iphoneos*]" = "iPhone Distribution: Vuthea Chheang (8WB65T4HC4)";
				COPY_PHASE_STRIP = NO;
				DEBUG_INFORMATION_FORMAT = "dwarf-with-dsym";
				ENABLE_NS_ASSERTIONS = NO;
				ENABLE_STRICT_OBJC_MSGSEND = YES;
				GCC_C_LANGUAGE_STANDARD = gnu99;
				GCC_NO_COMMON_BLOCKS = YES;
				GCC_WARN_64_TO_32_BIT_CONVERSION = YES;
				GCC_WARN_ABOUT_RETURN_TYPE = YES_ERROR;
				GCC_WARN_UNDECLARED_SELECTOR = YES;
				GCC_WARN_UNINITIALIZED_AUTOS = YES_AGGRESSIVE;
				GCC_WARN_UNUSED_FUNCTION = YES;
				GCC_WARN_UNUSED_VARIABLE = YES;
				IPHONEOS_DEPLOYMENT_TARGET = 7.0;
				MTL_ENABLE_DEBUG_INFO = NO;
				PROVISIONING_PROFILE = "e68cbcf7-d7bc-48b5-ada8-8a322a0b3ce2";
				SDKROOT = iphoneos;
				VALIDATE_PRODUCT = YES;
			};
			name = Release;
		};
		ED94012D1B96D467001BCE2D /* Debug */ = {
			isa = XCBuildConfiguration;
			buildSettings = {
				ASSETCATALOG_COMPILER_APPICON_NAME = AppIcon;
				ASSETCATALOG_COMPILER_LAUNCHIMAGE_NAME = LaunchImage;
				CLANG_ENABLE_MODULES = YES;
				CODE_SIGN_IDENTITY = "iPhone Developer";
				"CODE_SIGN_IDENTITY[sdk=iphoneos*]" = "iPhone Developer";
				INFOPLIST_FILE = "Senate News/Info.plist";
				IPHONEOS_DEPLOYMENT_TARGET = 7.0;
				LD_RUNPATH_SEARCH_PATHS = "$(inherited) @executable_path/Frameworks";
				PRODUCT_BUNDLE_IDENTIFIER = "com.kh4it.$(PRODUCT_NAME:rfc1034identifier)";
				PRODUCT_NAME = "$(TARGET_NAME)";
				PROVISIONING_PROFILE = "f6f0c583-137d-4362-9c9c-37bac834f301";
				SWIFT_OBJC_BRIDGING_HEADER = "Senate News/Senate News-Bridging-Header.h";
				SWIFT_OPTIMIZATION_LEVEL = "-Onone";
				TARGETED_DEVICE_FAMILY = "1,2";
			};
			name = Debug;
		};
		ED94012E1B96D467001BCE2D /* Release */ = {
			isa = XCBuildConfiguration;
			buildSettings = {
				ASSETCATALOG_COMPILER_APPICON_NAME = AppIcon;
				ASSETCATALOG_COMPILER_LAUNCHIMAGE_NAME = LaunchImage;
				CLANG_ENABLE_MODULES = YES;
				CODE_SIGN_IDENTITY = "iPhone Developer";
				INFOPLIST_FILE = "Senate News/Info.plist";
				IPHONEOS_DEPLOYMENT_TARGET = 7.0;
				LD_RUNPATH_SEARCH_PATHS = "$(inherited) @executable_path/Frameworks";
				PRODUCT_BUNDLE_IDENTIFIER = "com.kh4it.$(PRODUCT_NAME:rfc1034identifier)";
				PRODUCT_NAME = "$(TARGET_NAME)";
				PROVISIONING_PROFILE = "f6f0c583-137d-4362-9c9c-37bac834f301";
				SWIFT_OBJC_BRIDGING_HEADER = "Senate News/Senate News-Bridging-Header.h";
				TARGETED_DEVICE_FAMILY = "1,2";
			};
			name = Release;
		};
		FD04A7BB1BEB3AFB0054E4A3 /* Distribution */ = {
			isa = XCBuildConfiguration;
			buildSettings = {
				ALWAYS_SEARCH_USER_PATHS = NO;
				CLANG_CXX_LANGUAGE_STANDARD = "gnu++0x";
				CLANG_CXX_LIBRARY = "libc++";
				CLANG_ENABLE_MODULES = YES;
				CLANG_ENABLE_OBJC_ARC = YES;
				CLANG_WARN_BOOL_CONVERSION = YES;
				CLANG_WARN_CONSTANT_CONVERSION = YES;
				CLANG_WARN_DIRECT_OBJC_ISA_USAGE = YES_ERROR;
				CLANG_WARN_EMPTY_BODY = YES;
				CLANG_WARN_ENUM_CONVERSION = YES;
				CLANG_WARN_INT_CONVERSION = YES;
				CLANG_WARN_OBJC_ROOT_CLASS = YES_ERROR;
				CLANG_WARN_UNREACHABLE_CODE = YES;
				CLANG_WARN__DUPLICATE_METHOD_MATCH = YES;
				CODE_SIGN_IDENTITY = "iPhone Distribution: Vuthea Chheang (8WB65T4HC4)";
				"CODE_SIGN_IDENTITY[sdk=iphoneos*]" = "iPhone Distribution: Vuthea Chheang (8WB65T4HC4)";
				COPY_PHASE_STRIP = NO;
				DEBUG_INFORMATION_FORMAT = "dwarf-with-dsym";
				ENABLE_NS_ASSERTIONS = NO;
				ENABLE_STRICT_OBJC_MSGSEND = YES;
				GCC_C_LANGUAGE_STANDARD = gnu99;
				GCC_NO_COMMON_BLOCKS = YES;
				GCC_WARN_64_TO_32_BIT_CONVERSION = YES;
				GCC_WARN_ABOUT_RETURN_TYPE = YES_ERROR;
				GCC_WARN_UNDECLARED_SELECTOR = YES;
				GCC_WARN_UNINITIALIZED_AUTOS = YES_AGGRESSIVE;
				GCC_WARN_UNUSED_FUNCTION = YES;
				GCC_WARN_UNUSED_VARIABLE = YES;
				IPHONEOS_DEPLOYMENT_TARGET = 7.0;
				MTL_ENABLE_DEBUG_INFO = NO;
				PROVISIONING_PROFILE = "e68cbcf7-d7bc-48b5-ada8-8a322a0b3ce2";
				SDKROOT = iphoneos;
				VALIDATE_PRODUCT = YES;
			};
			name = Distribution;
		};
		FD04A7BC1BEB3AFB0054E4A3 /* Distribution */ = {
			isa = XCBuildConfiguration;
			buildSettings = {
				ASSETCATALOG_COMPILER_APPICON_NAME = AppIcon;
				ASSETCATALOG_COMPILER_LAUNCHIMAGE_NAME = LaunchImage;
				CLANG_ENABLE_MODULES = YES;
				CODE_SIGN_IDENTITY = "iPhone Developer";
				"CODE_SIGN_IDENTITY[sdk=iphoneos*]" = "iPhone Developer";
				INFOPLIST_FILE = "Senate News/Info.plist";
				IPHONEOS_DEPLOYMENT_TARGET = 7.0;
				LD_RUNPATH_SEARCH_PATHS = "$(inherited) @executable_path/Frameworks";
				PRODUCT_BUNDLE_IDENTIFIER = "com.kh4it.$(PRODUCT_NAME:rfc1034identifier)";
				PRODUCT_NAME = "$(TARGET_NAME)";
				PROVISIONING_PROFILE = "f6f0c583-137d-4362-9c9c-37bac834f301";
				SWIFT_OBJC_BRIDGING_HEADER = "Senate News/Senate News-Bridging-Header.h";
				TARGETED_DEVICE_FAMILY = "1,2";
			};
			name = Distribution;
		};
/* End XCBuildConfiguration section */

/* Begin XCConfigurationList section */
		ED9401041B96D466001BCE2D /* Build configuration list for PBXProject "Senate News" */ = {
			isa = XCConfigurationList;
			buildConfigurations = (
				ED94012A1B96D467001BCE2D /* Debug */,
				ED94012B1B96D467001BCE2D /* Release */,
				FD04A7BB1BEB3AFB0054E4A3 /* Distribution */,
			);
			defaultConfigurationIsVisible = 0;
			defaultConfigurationName = Release;
		};
		ED94012C1B96D467001BCE2D /* Build configuration list for PBXNativeTarget "Senate News" */ = {
			isa = XCConfigurationList;
			buildConfigurations = (
				ED94012D1B96D467001BCE2D /* Debug */,
				ED94012E1B96D467001BCE2D /* Release */,
				FD04A7BC1BEB3AFB0054E4A3 /* Distribution */,
			);
			defaultConfigurationIsVisible = 0;
			defaultConfigurationName = Release;
		};
/* End XCConfigurationList section */
	};
	rootObject = ED9401011B96D466001BCE2D /* Project object */;
}
